<?xml version="1.0" encoding="utf-8"?>
<Project ToolsVersion="4.0" xmlns="http://schemas.microsoft.com/developer/msbuild/2003">
  <ItemGroup>
    <Filter Include="Source Files">
      <UniqueIdentifier>{4FC737F1-C7A5-4376-A066-2A32D752A2FF}</UniqueIdentifier>
      <Extensions>cpp;c;cc;cxx;def;odl;idl;hpj;bat;asm;asmx</Extensions>
    </Filter>
    <Filter Include="Header Files">
      <UniqueIdentifier>{93995380-89BD-4b04-88EB-625FBE52EBFB}</UniqueIdentifier>
      <Extensions>h;hpp;hxx;hm;inl;inc;xsd</Extensions>
    </Filter>
    <Filter Include="Resource Files">
      <UniqueIdentifier>{67DA6AB6-F800-4c08-8B7A-83BB121AAD01}</UniqueIdentifier>
      <Extensions>rc;ico;cur;bmp;dlg;rc2;rct;bin;rgs;gif;jpg;jpeg;jpe;resx;tiff;tif;png;wav</Extensions>
    </Filter>
    <Filter Include="Blocks">
      <UniqueIdentifier>{52109A68-A565-4566-AECC-AB3EE558F9B5}</UniqueIdentifier>
    </Filter>
    <Filter Include="Blocks\poScene">
      <UniqueIdentifier>{05E03C8E-ED0F-430F-B801-6D16A466A29B}</UniqueIdentifier>
    </Filter>
    <Filter Include="Blocks\poScene\src">
      <UniqueIdentifier>{6E001068-3473-4605-A979-218FB1ABAAE7}</UniqueIdentifier>
    </Filter>
    <Filter Include="Blocks\poScene\src\poScene">
      <UniqueIdentifier>{455361DB-5C29-4E47-979C-496234CAE264}</UniqueIdentifier>
    </Filter>
  </ItemGroup>
  <ItemGroup>
    <ClCompile Include="..\src\DragAndDropApp.cpp">
      <Filter>Source Files</Filter>
    </ClCompile>
    <ClInclude Include="..\include\Resources.h">
      <Filter>Header Files</Filter>
    </ClInclude>
    <ClCompile Include="..\src\DragAndDropApp.cpp">
      <Filter>Source Files</Filter>
    </ClCompile>
    <ClCompile Include="..\src\ViewController.cpp">
      <Filter>Source Files</Filter>
    </ClCompile>
    <ClCompile Include="..\..\..\src\poScene\_DragAndDrop.cpp">
      <Filter>Blocks\poScene\src\poScene</Filter>
    </ClCompile>
    <ClCompile Include="..\..\..\src\poScene\_DraggableView.cpp">
      <Filter>Blocks\poScene\src\poScene</Filter>
    </ClCompile>
    <ClCompile Include="..\..\..\src\poScene\_EventCenter.cpp">
      <Filter>Blocks\poScene\src\poScene</Filter>
    </ClCompile>
    <ClCompile Include="..\..\..\src\poScene\_Events.cpp">
      <Filter>Blocks\poScene\src\poScene</Filter>
    </ClCompile>
    <ClCompile Include="..\..\..\src\poScene\_ImageView.cpp">
      <Filter>Blocks\poScene\src\poScene</Filter>
    </ClCompile>
    <ClCompile Include="..\..\..\src\poScene\_MatrixSet.cpp">
      <Filter>Blocks\poScene\src\poScene</Filter>
    </ClCompile>
    <ClCompile Include="..\..\..\src\poScene\_Scene.cpp">
      <Filter>Blocks\poScene\src\poScene</Filter>
    </ClCompile>
    <ClCompile Include="..\..\..\src\poScene\_ShapeView.cpp">
      <Filter>Blocks\poScene\src\poScene</Filter>
    </ClCompile>
    <ClCompile Include="..\..\..\src\poScene\_TextView.cpp">
      <Filter>Blocks\poScene\src\poScene</Filter>
    </ClCompile>
    <ClCompile Include="..\..\..\src\poScene\_View.cpp">
      <Filter>Blocks\poScene\src\poScene</Filter>
    </ClCompile>
    <ClCompile Include="..\..\..\src\poScene\_ViewController.cpp">
      <Filter>Blocks\poScene\src\poScene</Filter>
    </ClCompile>
  </ItemGroup>
  <ItemGroup>
    <ClInclude Include="..\include\Resources.h">
      <Filter>Header Files</Filter>
    </ClInclude>
    <ClInclude Include="..\src\ViewController.h">
      <Filter>Source Files</Filter>
    </ClInclude>
    <ClInclude Include="..\..\..\src\poScene\DragAndDrop.h">
      <Filter>Blocks\poScene\src\poScene</Filter>
    </ClInclude>
    <ClInclude Include="..\..\..\src\poScene\DraggableView.h">
      <Filter>Blocks\poScene\src\poScene</Filter>
    </ClInclude>
    <ClInclude Include="..\..\..\src\poScene\EventCenter.h">
      <Filter>Blocks\poScene\src\poScene</Filter>
    </ClInclude>
    <ClInclude Include="..\..\..\src\poScene\Events.h">
      <Filter>Blocks\poScene\src\poScene</Filter>
    </ClInclude>
    <ClInclude Include="..\..\..\src\poScene\ImageView.h">
      <Filter>Blocks\poScene\src\poScene</Filter>
    </ClInclude>
    <ClInclude Include="..\..\..\src\poScene\MatrixSet.h">
      <Filter>Blocks\poScene\src\poScene</Filter>
    </ClInclude>
    <ClInclude Include="..\..\..\src\poScene\Scene.h">
      <Filter>Blocks\poScene\src\poScene</Filter>
    </ClInclude>
    <ClInclude Include="..\..\..\src\poScene\ShapeView.h">
      <Filter>Blocks\poScene\src\poScene</Filter>
    </ClInclude>
    <ClInclude Include="..\..\..\src\poScene\TextureFit.h">
      <Filter>Blocks\poScene\src\poScene</Filter>
    </ClInclude>
    <ClInclude Include="..\..\..\src\poScene\TextView.h">
      <Filter>Blocks\poScene\src\poScene</Filter>
    </ClInclude>
    <ClInclude Include="..\..\..\src\poScene\VideoView.h">
      <Filter>Blocks\poScene\src\poScene</Filter>
    </ClInclude>
    <ClInclude Include="..\..\..\src\poScene\View.h">
      <Filter>Blocks\poScene\src\poScene</Filter>
    </ClInclude>
    <ClInclude Include="..\..\..\src\poScene\ViewController.h">
      <Filter>Blocks\poScene\src\poScene</Filter>
    </ClInclude>
    <ClInclude Include="..\..\..\src\poScene\ViewEvents.h">
      <Filter>Blocks\poScene\src\poScene</Filter>
    </ClInclude>
  </ItemGroup>
  <ItemGroup>
    <ResourceCompile Include="Resources.rc">
      <Filter>Resource Files</Filter>
    </ResourceCompile>
  </ItemGroup>
</Project>