<Project ToolsVersion="4.0" xmlns="http://schemas.microsoft.com/developer/msbuild/2003">
  <ItemGroup>
    <Filter Include="Source Files">
      <UniqueIdentifier>{4FC737F1-C7A5-4376-A066-2A32D752A2FF}</UniqueIdentifier>
      <Extensions>cpp;c;cc;cxx;def;odl;idl;hpj;bat;asm;asmx</Extensions>
    </Filter>
    <Filter Include="Header Files">
      <UniqueIdentifier>{93995380-89BD-4b04-88EB-625FBE52EBFB}</UniqueIdentifier>
      <Extensions>h;hpp;hxx;hm;inl;inc;xsd</Extensions>
    </Filter>
    <Filter Include="Resource Files">
      <UniqueIdentifier>{67DA6AB6-F800-4c08-8B7A-83BB121AAD01}</UniqueIdentifier>
      <Extensions>rc;ico;cur;bmp;dlg;rc2;rct;bin;rgs;gif;jpg;jpeg;jpe;resx;tiff;tif;png;wav</Extensions>
    </Filter>
    <Filter Include="Blocks">
      <UniqueIdentifier>{26F76812-333C-4A32-8111-FC2F51E3442E}</UniqueIdentifier>
    </Filter>
    <Filter Include="Blocks\poScene">
      <UniqueIdentifier>{D66D372A-5310-4217-BFB7-A7FDCAC61B8B}</UniqueIdentifier>
    </Filter>
    <Filter Include="Blocks\poScene\src">
      <UniqueIdentifier>{0423BF88-ACDD-446D-B768-649C0E804016}</UniqueIdentifier>
    </Filter>
    <Filter Include="Blocks\poScene\src\poScene">
      <UniqueIdentifier>{69A29A6E-AB95-48A7-BE75-5BB95A4F9183}</UniqueIdentifier>
    </Filter>
  </ItemGroup>
  <ItemGroup>
    <ClCompile Include="..\src\VideoSampleApp.cpp">
      <Filter>Source Files</Filter>
    </ClCompile>
    <ClInclude Include="..\include\Resources.h">
      <Filter>Header Files</Filter>
    </ClInclude>
    <ClCompile Include="..\src\VideoSampleApp.cpp">
      <Filter>Source Files</Filter>
    </ClCompile>
    <ClInclude Include="..\src\VideoSample.h">
      <Filter>Header Files</Filter>
    </ClInclude>
    <ClCompile Include="..\src\VideoSample.cpp">
      <Filter>Source Files</Filter>
    </ClCompile>
    <ClInclude Include="..\..\..\src\poScene\poEventCenter.h">
      <Filter>Blocks\poScene\src\poScene</Filter>
    </ClInclude>
    <ClInclude Include="..\..\..\src\poScene\poEvents.h">
      <Filter>Blocks\poScene\src\poScene</Filter>
    </ClInclude>
    <ClInclude Include="..\..\..\src\poScene\poImage.h">
      <Filter>Blocks\poScene\src\poScene</Filter>
    </ClInclude>
    <ClInclude Include="..\..\..\src\poScene\poMatrixSet.h">
      <Filter>Blocks\poScene\src\poScene</Filter>
    </ClInclude>
    <ClInclude Include="..\..\..\src\poScene\poNode.h">
      <Filter>Blocks\poScene\src\poScene</Filter>
    </ClInclude>
    <ClInclude Include="..\..\..\src\poScene\poNodeContainer.h">
      <Filter>Blocks\poScene\src\poScene</Filter>
    </ClInclude>
    <ClInclude Include="..\..\..\src\poScene\poScene.h">
      <Filter>Blocks\poScene\src\poScene</Filter>
    </ClInclude>
    <ClInclude Include="..\..\..\src\poScene\poShape.h">
      <Filter>Blocks\poScene\src\poScene</Filter>
    </ClInclude>
    <ClInclude Include="..\..\..\src\poScene\poTextBox.h">
      <Filter>Blocks\poScene\src\poScene</Filter>
    </ClInclude>
    <ClInclude Include="..\..\..\src\poScene\poTextureFit.h">
      <Filter>Blocks\poScene\src\poScene</Filter>
    </ClInclude>
    <ClInclude Include="..\..\..\src\poScene\poVideo.h">
      <Filter>Blocks\poScene\src\poScene</Filter>
    </ClInclude>
    <ClCompile Include="..\..\..\src\poScene\poEventCenter.cpp">
      <Filter>Blocks\poScene\src\poScene</Filter>
    </ClCompile>
    <ClCompile Include="..\..\..\src\poScene\poEvents.cpp">
      <Filter>Blocks\poScene\src\poScene</Filter>
    </ClCompile>
    <ClCompile Include="..\..\..\src\poScene\poImage.cpp">
      <Filter>Blocks\poScene\src\poScene</Filter>
    </ClCompile>
    <ClCompile Include="..\..\..\src\poScene\poMatrixSet.cpp">
      <Filter>Blocks\poScene\src\poScene</Filter>
    </ClCompile>
    <ClCompile Include="..\..\..\src\poScene\poNode.cpp">
      <Filter>Blocks\poScene\src\poScene</Filter>
    </ClCompile>
    <ClCompile Include="..\..\..\src\poScene\poNodeContainer.cpp">
      <Filter>Blocks\poScene\src\poScene</Filter>
    </ClCompile>
    <ClCompile Include="..\..\..\src\poScene\poScene.cpp">
      <Filter>Blocks\poScene\src\poScene</Filter>
    </ClCompile>
    <ClCompile Include="..\..\..\src\poScene\poShape.cpp">
      <Filter>Blocks\poScene\src\poScene</Filter>
    </ClCompile>
    <ClCompile Include="..\..\..\src\poScene\poTextBox.cpp">
      <Filter>Blocks\poScene\src\poScene</Filter>
    </ClCompile>
  </ItemGroup>
  <ItemGroup>
    <ClInclude Include="..\include\Resources.h">
      <Filter>Header Files</Filter>
    </ClInclude>
  </ItemGroup>
  <ItemGroup>
    <ResourceCompile Include="Resources.rc">
      <Filter>Resource Files</Filter>
    </ResourceCompile>
  </ItemGroup>
</Project>
