// !$*UTF8*$!
{
	archiveVersion = 1;
	classes = {
	};
	objectVersion = 46;
	objects = {

/* Begin PBXBuildFile section */
		0091D8F90E81B9330029341E /* OpenGL.framework in Frameworks */ = {isa = PBXBuildFile; fileRef = 0091D8F80E81B9330029341E /* OpenGL.framework */; };
		00B784B30FF439BC000DE1D7 /* Accelerate.framework in Frameworks */ = {isa = PBXBuildFile; fileRef = 00B784AF0FF439BC000DE1D7 /* Accelerate.framework */; };
		00B784B40FF439BC000DE1D7 /* AudioToolbox.framework in Frameworks */ = {isa = PBXBuildFile; fileRef = 00B784B00FF439BC000DE1D7 /* AudioToolbox.framework */; };
		00B784B50FF439BC000DE1D7 /* AudioUnit.framework in Frameworks */ = {isa = PBXBuildFile; fileRef = 00B784B10FF439BC000DE1D7 /* AudioUnit.framework */; };
		00B784B60FF439BC000DE1D7 /* CoreAudio.framework in Frameworks */ = {isa = PBXBuildFile; fileRef = 00B784B20FF439BC000DE1D7 /* CoreAudio.framework */; };
		2EB9BB0A69EF407FAD0A7BB8 /* TextSample.cpp in Sources */ = {isa = PBXBuildFile; fileRef = 36C9A40C8F8446D2B9F5D600 /* TextSample.cpp */; };
		4B89FFFA5491444DA764A6B3 /* poTextBox.cpp in Sources */ = {isa = PBXBuildFile; fileRef = D88344A3A04847E59D260E82 /* poTextBox.cpp */; };
		5323E6B20EAFCA74003A9687 /* CoreVideo.framework in Frameworks */ = {isa = PBXBuildFile; fileRef = 5323E6B10EAFCA74003A9687 /* CoreVideo.framework */; };
		5323E6B60EAFCA7E003A9687 /* QTKit.framework in Frameworks */ = {isa = PBXBuildFile; fileRef = 5323E6B50EAFCA7E003A9687 /* QTKit.framework */; };
		5B4C834197704FC1B7B65A7D /* poEventCenter.cpp in Sources */ = {isa = PBXBuildFile; fileRef = 2E814DC421A3482D8EBCBF05 /* poEventCenter.cpp */; };
		77546A8C791B4FF2BFAA8F02 /* poMatrixSet.cpp in Sources */ = {isa = PBXBuildFile; fileRef = AE955D33F1A74B28BF1D9538 /* poMatrixSet.cpp */; };
		7B9CD6EB1060464A8482B175 /* CinderApp.icns in Resources */ = {isa = PBXBuildFile; fileRef = 63F00754F9A44F4EBA94075C /* CinderApp.icns */; };
		8D11072F0486CEB800E47090 /* Cocoa.framework in Frameworks */ = {isa = PBXBuildFile; fileRef = 1058C7A1FEA54F0111CA2CBB /* Cocoa.framework */; };
		936F3D0BE64143C694413E25 /* poEvents.cpp in Sources */ = {isa = PBXBuildFile; fileRef = CCB5EAC4CEEE48B8BD1A0A9D /* poEvents.cpp */; };
		A732328FD4D749D0B3AE31F2 /* poScene.cpp in Sources */ = {isa = PBXBuildFile; fileRef = B79AA438979E496B92690963 /* poScene.cpp */; };
		ABFEE43EDC0342F39EB2AC90 /* poNode.cpp in Sources */ = {isa = PBXBuildFile; fileRef = 7CD98AEEDA364A97A754B763 /* poNode.cpp */; };
		CB6A5804473E49779720783A /* poShape.cpp in Sources */ = {isa = PBXBuildFile; fileRef = 299452AB804F4DA48DC6F178 /* poShape.cpp */; };
		D41BF401D39C472AB076F9F2 /* TextSampleApp.cpp in Sources */ = {isa = PBXBuildFile; fileRef = 5097F7574456449DB36B9DFE /* TextSampleApp.cpp */; };
		E05D350023B042A6B4826997 /* poNodeContainer.cpp in Sources */ = {isa = PBXBuildFile; fileRef = E3ED096EF94F480F9FB37FB3 /* poNodeContainer.cpp */; };
		F19F9CB7D1854AE7B79F6AB4 /* poImage.cpp in Sources */ = {isa = PBXBuildFile; fileRef = 66F2A9B8004944AEA72FE7F6 /* poImage.cpp */; };
/* End PBXBuildFile section */

/* Begin PBXFileReference section */
		0091D8F80E81B9330029341E /* OpenGL.framework */ = {isa = PBXFileReference; lastKnownFileType = wrapper.framework; name = OpenGL.framework; path = /System/Library/Frameworks/OpenGL.framework; sourceTree = "<absolute>"; };
		00B784AF0FF439BC000DE1D7 /* Accelerate.framework */ = {isa = PBXFileReference; lastKnownFileType = wrapper.framework; name = Accelerate.framework; path = System/Library/Frameworks/Accelerate.framework; sourceTree = SDKROOT; };
		00B784B00FF439BC000DE1D7 /* AudioToolbox.framework */ = {isa = PBXFileReference; lastKnownFileType = wrapper.framework; name = AudioToolbox.framework; path = System/Library/Frameworks/AudioToolbox.framework; sourceTree = SDKROOT; };
		00B784B10FF439BC000DE1D7 /* AudioUnit.framework */ = {isa = PBXFileReference; lastKnownFileType = wrapper.framework; name = AudioUnit.framework; path = System/Library/Frameworks/AudioUnit.framework; sourceTree = SDKROOT; };
		00B784B20FF439BC000DE1D7 /* CoreAudio.framework */ = {isa = PBXFileReference; lastKnownFileType = wrapper.framework; name = CoreAudio.framework; path = System/Library/Frameworks/CoreAudio.framework; sourceTree = SDKROOT; };
		0373389BA34D446C905FD58C /* TextSample_Prefix.pch */ = {isa = PBXFileReference; lastKnownFileType = "\"\""; path = TextSample_Prefix.pch; sourceTree = "<group>"; };
		050DAA2C6F0748A9AA6FE99B /* TextSample.h */ = {isa = PBXFileReference; lastKnownFileType = sourcecode.c.h; name = TextSample.h; path = ../src/TextSample.h; sourceTree = "<group>"; };
		1058C7A1FEA54F0111CA2CBB /* Cocoa.framework */ = {isa = PBXFileReference; lastKnownFileType = wrapper.framework; name = Cocoa.framework; path = /System/Library/Frameworks/Cocoa.framework; sourceTree = "<absolute>"; };
		1EB69C27513046B1861C854D /* poTextBox.h */ = {isa = PBXFileReference; lastKnownFileType = sourcecode.c.h; name = poTextBox.h; path = ../../../src/poScene/poTextBox.h; sourceTree = "<group>"; };
		299452AB804F4DA48DC6F178 /* poShape.cpp */ = {isa = PBXFileReference; lastKnownFileType = sourcecode.c.cpp; name = poShape.cpp; path = ../../../src/poScene/poShape.cpp; sourceTree = "<group>"; };
		29B97324FDCFA39411CA2CEA /* AppKit.framework */ = {isa = PBXFileReference; lastKnownFileType = wrapper.framework; name = AppKit.framework; path = /System/Library/Frameworks/AppKit.framework; sourceTree = "<absolute>"; };
		29B97325FDCFA39411CA2CEA /* Foundation.framework */ = {isa = PBXFileReference; lastKnownFileType = wrapper.framework; name = Foundation.framework; path = /System/Library/Frameworks/Foundation.framework; sourceTree = "<absolute>"; };
		2C77D3005AEB4F909FF1EE9D /* Resources.h */ = {isa = PBXFileReference; lastKnownFileType = sourcecode.c.h; name = Resources.h; path = ../include/Resources.h; sourceTree = "<group>"; };
		2E814DC421A3482D8EBCBF05 /* poEventCenter.cpp */ = {isa = PBXFileReference; lastKnownFileType = sourcecode.c.cpp; name = poEventCenter.cpp; path = ../../../src/poScene/poEventCenter.cpp; sourceTree = "<group>"; };
		36C9A40C8F8446D2B9F5D600 /* TextSample.cpp */ = {isa = PBXFileReference; lastKnownFileType = sourcecode.c.cpp; name = TextSample.cpp; path = ../src/TextSample.cpp; sourceTree = "<group>"; };
		3B8E33E63D8C422195A1C7CD /* poImage.h */ = {isa = PBXFileReference; lastKnownFileType = sourcecode.c.h; name = poImage.h; path = ../../../src/poScene/poImage.h; sourceTree = "<group>"; };
		48718EC213114DC4AFC6A11A /* poScene.h */ = {isa = PBXFileReference; lastKnownFileType = sourcecode.c.h; name = poScene.h; path = ../../../src/poScene/poScene.h; sourceTree = "<group>"; };
		5097F7574456449DB36B9DFE /* TextSampleApp.cpp */ = {isa = PBXFileReference; lastKnownFileType = sourcecode.c.cpp; name = TextSampleApp.cpp; path = ../src/TextSampleApp.cpp; sourceTree = "<group>"; };
		5323E6B10EAFCA74003A9687 /* CoreVideo.framework */ = {isa = PBXFileReference; lastKnownFileType = wrapper.framework; name = CoreVideo.framework; path = /System/Library/Frameworks/CoreVideo.framework; sourceTree = "<absolute>"; };
		5323E6B50EAFCA7E003A9687 /* QTKit.framework */ = {isa = PBXFileReference; lastKnownFileType = wrapper.framework; name = QTKit.framework; path = /System/Library/Frameworks/QTKit.framework; sourceTree = "<absolute>"; };
		5C924C0E95B34CEA80809DF9 /* poShape.h */ = {isa = PBXFileReference; lastKnownFileType = sourcecode.c.h; name = poShape.h; path = ../../../src/poScene/poShape.h; sourceTree = "<group>"; };
		63F00754F9A44F4EBA94075C /* CinderApp.icns */ = {isa = PBXFileReference; lastKnownFileType = image.icns; name = CinderApp.icns; path = ../resources/CinderApp.icns; sourceTree = "<group>"; };
		66F2A9B8004944AEA72FE7F6 /* poImage.cpp */ = {isa = PBXFileReference; lastKnownFileType = sourcecode.c.cpp; name = poImage.cpp; path = ../../../src/poScene/poImage.cpp; sourceTree = "<group>"; };
		6828B3848A4A4DBDAB1641A6 /* poMatrixSet.h */ = {isa = PBXFileReference; lastKnownFileType = sourcecode.c.h; name = poMatrixSet.h; path = ../../../src/poScene/poMatrixSet.h; sourceTree = "<group>"; };
		7ABC7DFE0A754F48ADFEB137 /* Info.plist */ = {isa = PBXFileReference; lastKnownFileType = text.plist.xml; path = Info.plist; sourceTree = "<group>"; };
		7CD98AEEDA364A97A754B763 /* poNode.cpp */ = {isa = PBXFileReference; lastKnownFileType = sourcecode.c.cpp; name = poNode.cpp; path = ../../../src/poScene/poNode.cpp; sourceTree = "<group>"; };
		7E7D9D949C114D1D90DD8BDA /* poEvents.h */ = {isa = PBXFileReference; lastKnownFileType = sourcecode.c.h; name = poEvents.h; path = ../../../src/poScene/poEvents.h; sourceTree = "<group>"; };
		83646EB79F404C87A7AF6DDC /* poVideo.h */ = {isa = PBXFileReference; lastKnownFileType = sourcecode.c.h; name = poVideo.h; path = ../../../src/poScene/poVideo.h; sourceTree = "<group>"; };
		8D1107320486CEB800E47090 /* TextSample.app */ = {isa = PBXFileReference; explicitFileType = wrapper.application; includeInIndex = 0; path = TextSample.app; sourceTree = BUILT_PRODUCTS_DIR; };
		94373ADC9C62419D8DBD2A30 /* poEventCenter.h */ = {isa = PBXFileReference; lastKnownFileType = sourcecode.c.h; name = poEventCenter.h; path = ../../../src/poScene/poEventCenter.h; sourceTree = "<group>"; };
		AE955D33F1A74B28BF1D9538 /* poMatrixSet.cpp */ = {isa = PBXFileReference; lastKnownFileType = sourcecode.c.cpp; name = poMatrixSet.cpp; path = ../../../src/poScene/poMatrixSet.cpp; sourceTree = "<group>"; };
		B79AA438979E496B92690963 /* poScene.cpp */ = {isa = PBXFileReference; lastKnownFileType = sourcecode.c.cpp; name = poScene.cpp; path = ../../../src/poScene/poScene.cpp; sourceTree = "<group>"; };
		BD6D1B617B574A749F4B1E94 /* poNode.h */ = {isa = PBXFileReference; lastKnownFileType = sourcecode.c.h; name = poNode.h; path = ../../../src/poScene/poNode.h; sourceTree = "<group>"; };
		CCB5EAC4CEEE48B8BD1A0A9D /* poEvents.cpp */ = {isa = PBXFileReference; lastKnownFileType = sourcecode.c.cpp; name = poEvents.cpp; path = ../../../src/poScene/poEvents.cpp; sourceTree = "<group>"; };
		D4C13AE308364620A3B8AD3A /* poNodeContainer.h */ = {isa = PBXFileReference; lastKnownFileType = sourcecode.c.h; name = poNodeContainer.h; path = ../../../src/poScene/poNodeContainer.h; sourceTree = "<group>"; };
		D88344A3A04847E59D260E82 /* poTextBox.cpp */ = {isa = PBXFileReference; lastKnownFileType = sourcecode.c.cpp; name = poTextBox.cpp; path = ../../../src/poScene/poTextBox.cpp; sourceTree = "<group>"; };
		E3ED096EF94F480F9FB37FB3 /* poNodeContainer.cpp */ = {isa = PBXFileReference; lastKnownFileType = sourcecode.c.cpp; name = poNodeContainer.cpp; path = ../../../src/poScene/poNodeContainer.cpp; sourceTree = "<group>"; };
		EE4E254F91914EC987B647FD /* poTextureFit.h */ = {isa = PBXFileReference; lastKnownFileType = sourcecode.c.h; name = poTextureFit.h; path = ../../../src/poScene/poTextureFit.h; sourceTree = "<group>"; };
/* End PBXFileReference section */

/* Begin PBXFrameworksBuildPhase section */
		8D11072E0486CEB800E47090 /* Frameworks */ = {
			isa = PBXFrameworksBuildPhase;
			buildActionMask = 2147483647;
			files = (
				8D11072F0486CEB800E47090 /* Cocoa.framework in Frameworks */,
				0091D8F90E81B9330029341E /* OpenGL.framework in Frameworks */,
				5323E6B20EAFCA74003A9687 /* CoreVideo.framework in Frameworks */,
				5323E6B60EAFCA7E003A9687 /* QTKit.framework in Frameworks */,
				00B784B30FF439BC000DE1D7 /* Accelerate.framework in Frameworks */,
				00B784B40FF439BC000DE1D7 /* AudioToolbox.framework in Frameworks */,
				00B784B50FF439BC000DE1D7 /* AudioUnit.framework in Frameworks */,
				00B784B60FF439BC000DE1D7 /* CoreAudio.framework in Frameworks */,
			);
			runOnlyForDeploymentPostprocessing = 0;
		};
/* End PBXFrameworksBuildPhase section */

/* Begin PBXGroup section */
		01B97315FEAEA392516A2CEA /* Blocks */ = {
			isa = PBXGroup;
			children = (
				C5F3A6DFB58B48988E8180F9 /* poScene */,
			);
			name = Blocks;
			sourceTree = "<group>";
		};
		080E96DDFE201D6D7F000001 /* Source */ = {
			isa = PBXGroup;
			children = (
				050DAA2C6F0748A9AA6FE99B /* TextSample.h */,
				36C9A40C8F8446D2B9F5D600 /* TextSample.cpp */,
				5097F7574456449DB36B9DFE /* TextSampleApp.cpp */,
			);
			name = Source;
			sourceTree = "<group>";
		};
		1058C7A0FEA54F0111CA2CBB /* Linked Frameworks */ = {
			isa = PBXGroup;
			children = (
				00B784AF0FF439BC000DE1D7 /* Accelerate.framework */,
				00B784B00FF439BC000DE1D7 /* AudioToolbox.framework */,
				00B784B10FF439BC000DE1D7 /* AudioUnit.framework */,
				00B784B20FF439BC000DE1D7 /* CoreAudio.framework */,
				5323E6B50EAFCA7E003A9687 /* QTKit.framework */,
				5323E6B10EAFCA74003A9687 /* CoreVideo.framework */,
				0091D8F80E81B9330029341E /* OpenGL.framework */,
				1058C7A1FEA54F0111CA2CBB /* Cocoa.framework */,
			);
			name = "Linked Frameworks";
			sourceTree = "<group>";
		};
		1058C7A2FEA54F0111CA2CBB /* Other Frameworks */ = {
			isa = PBXGroup;
			children = (
				29B97324FDCFA39411CA2CEA /* AppKit.framework */,
				29B97325FDCFA39411CA2CEA /* Foundation.framework */,
			);
			name = "Other Frameworks";
			sourceTree = "<group>";
		};
		1915FF97DADF4A84B08D72C9 /* poScene */ = {
			isa = PBXGroup;
			children = (
				94373ADC9C62419D8DBD2A30 /* poEventCenter.h */,
				7E7D9D949C114D1D90DD8BDA /* poEvents.h */,
				3B8E33E63D8C422195A1C7CD /* poImage.h */,
				6828B3848A4A4DBDAB1641A6 /* poMatrixSet.h */,
				BD6D1B617B574A749F4B1E94 /* poNode.h */,
				D4C13AE308364620A3B8AD3A /* poNodeContainer.h */,
				48718EC213114DC4AFC6A11A /* poScene.h */,
				5C924C0E95B34CEA80809DF9 /* poShape.h */,
				1EB69C27513046B1861C854D /* poTextBox.h */,
				EE4E254F91914EC987B647FD /* poTextureFit.h */,
				83646EB79F404C87A7AF6DDC /* poVideo.h */,
				2E814DC421A3482D8EBCBF05 /* poEventCenter.cpp */,
				CCB5EAC4CEEE48B8BD1A0A9D /* poEvents.cpp */,
				66F2A9B8004944AEA72FE7F6 /* poImage.cpp */,
				AE955D33F1A74B28BF1D9538 /* poMatrixSet.cpp */,
				7CD98AEEDA364A97A754B763 /* poNode.cpp */,
				E3ED096EF94F480F9FB37FB3 /* poNodeContainer.cpp */,
				B79AA438979E496B92690963 /* poScene.cpp */,
				299452AB804F4DA48DC6F178 /* poShape.cpp */,
				D88344A3A04847E59D260E82 /* poTextBox.cpp */,
			);
			name = poScene;
			sourceTree = "<group>";
		};
		19C28FACFE9D520D11CA2CBB /* Products */ = {
			isa = PBXGroup;
			children = (
				8D1107320486CEB800E47090 /* TextSample.app */,
			);
			name = Products;
			sourceTree = "<group>";
		};
		29B97314FDCFA39411CA2CEA /* TextSample */ = {
			isa = PBXGroup;
			children = (
				01B97315FEAEA392516A2CEA /* Blocks */,
				29B97315FDCFA39411CA2CEA /* Headers */,
				080E96DDFE201D6D7F000001 /* Source */,
				29B97317FDCFA39411CA2CEA /* Resources */,
				29B97323FDCFA39411CA2CEA /* Frameworks */,
				19C28FACFE9D520D11CA2CBB /* Products */,
			);
			name = TextSample;
			sourceTree = "<group>";
		};
		29B97315FDCFA39411CA2CEA /* Headers */ = {
			isa = PBXGroup;
			children = (
				2C77D3005AEB4F909FF1EE9D /* Resources.h */,
				0373389BA34D446C905FD58C /* TextSample_Prefix.pch */,
			);
			name = Headers;
			sourceTree = "<group>";
		};
		29B97317FDCFA39411CA2CEA /* Resources */ = {
			isa = PBXGroup;
			children = (
				63F00754F9A44F4EBA94075C /* CinderApp.icns */,
				7ABC7DFE0A754F48ADFEB137 /* Info.plist */,
			);
			name = Resources;
			sourceTree = "<group>";
		};
		29B97323FDCFA39411CA2CEA /* Frameworks */ = {
			isa = PBXGroup;
			children = (
				1058C7A0FEA54F0111CA2CBB /* Linked Frameworks */,
				1058C7A2FEA54F0111CA2CBB /* Other Frameworks */,
			);
			name = Frameworks;
			sourceTree = "<group>";
		};
		65DD5E5CCD0F4E76A16BB0CB /* src */ = {
			isa = PBXGroup;
			children = (
				1915FF97DADF4A84B08D72C9 /* poScene */,
			);
			name = src;
			sourceTree = "<group>";
		};
		C5F3A6DFB58B48988E8180F9 /* poScene */ = {
			isa = PBXGroup;
			children = (
				65DD5E5CCD0F4E76A16BB0CB /* src */,
			);
			name = poScene;
			sourceTree = "<group>";
		};
/* End PBXGroup section */

/* Begin PBXNativeTarget section */
		8D1107260486CEB800E47090 /* TextSample */ = {
			isa = PBXNativeTarget;
			buildConfigurationList = C01FCF4A08A954540054247B /* Build configuration list for PBXNativeTarget "TextSample" */;
			buildPhases = (
				8D1107290486CEB800E47090 /* Resources */,
				8D11072C0486CEB800E47090 /* Sources */,
				8D11072E0486CEB800E47090 /* Frameworks */,
			);
			buildRules = (
			);
			dependencies = (
			);
			name = TextSample;
			productInstallPath = "$(HOME)/Applications";
			productName = TextSample;
			productReference = 8D1107320486CEB800E47090 /* TextSample.app */;
			productType = "com.apple.product-type.application";
		};
/* End PBXNativeTarget section */

/* Begin PBXProject section */
		29B97313FDCFA39411CA2CEA /* Project object */ = {
			isa = PBXProject;
			attributes = {
			};
			buildConfigurationList = C01FCF4E08A954540054247B /* Build configuration list for PBXProject "TextSample" */;
			compatibilityVersion = "Xcode 3.2";
			developmentRegion = English;
			hasScannedForEncodings = 1;
			knownRegions = (
				English,
				Japanese,
				French,
				German,
			);
			mainGroup = 29B97314FDCFA39411CA2CEA /* TextSample */;
			projectDirPath = "";
			projectRoot = "";
			targets = (
				8D1107260486CEB800E47090 /* TextSample */,
			);
		};
/* End PBXProject section */

/* Begin PBXResourcesBuildPhase section */
		8D1107290486CEB800E47090 /* Resources */ = {
			isa = PBXResourcesBuildPhase;
			buildActionMask = 2147483647;
			files = (
				7B9CD6EB1060464A8482B175 /* CinderApp.icns in Resources */,
			);
			runOnlyForDeploymentPostprocessing = 0;
		};
/* End PBXResourcesBuildPhase section */

/* Begin PBXSourcesBuildPhase section */
		8D11072C0486CEB800E47090 /* Sources */ = {
			isa = PBXSourcesBuildPhase;
			buildActionMask = 2147483647;
			files = (
				D41BF401D39C472AB076F9F2 /* TextSampleApp.cpp in Sources */,
				2EB9BB0A69EF407FAD0A7BB8 /* TextSample.cpp in Sources */,
				5B4C834197704FC1B7B65A7D /* poEventCenter.cpp in Sources */,
				936F3D0BE64143C694413E25 /* poEvents.cpp in Sources */,
				F19F9CB7D1854AE7B79F6AB4 /* poImage.cpp in Sources */,
				77546A8C791B4FF2BFAA8F02 /* poMatrixSet.cpp in Sources */,
				ABFEE43EDC0342F39EB2AC90 /* poNode.cpp in Sources */,
				E05D350023B042A6B4826997 /* poNodeContainer.cpp in Sources */,
				A732328FD4D749D0B3AE31F2 /* poScene.cpp in Sources */,
				CB6A5804473E49779720783A /* poShape.cpp in Sources */,
				4B89FFFA5491444DA764A6B3 /* poTextBox.cpp in Sources */,
			);
			runOnlyForDeploymentPostprocessing = 0;
		};
/* End PBXSourcesBuildPhase section */

/* Begin XCBuildConfiguration section */
		C01FCF4B08A954540054247B /* Debug */ = {
			isa = XCBuildConfiguration;
			buildSettings = {
				COMBINE_HIDPI_IMAGES = YES;
				COPY_PHASE_STRIP = NO;
				DEAD_CODE_STRIPPING = YES;
				GCC_DYNAMIC_NO_PIC = NO;
				GCC_INLINES_ARE_PRIVATE_EXTERN = YES;
				GCC_OPTIMIZATION_LEVEL = 0;
				GCC_PRECOMPILE_PREFIX_HEADER = YES;
				GCC_PREFIX_HEADER = TextSample_Prefix.pch;
				GCC_PREPROCESSOR_DEFINITIONS = (
					"DEBUG=1",
					"$(inherited)",
				);
				GCC_SYMBOLS_PRIVATE_EXTERN = NO;
				INFOPLIST_FILE = Info.plist;
				INSTALL_PATH = "$(HOME)/Applications";
				OTHER_LDFLAGS = "\"$(CINDER_PATH)/lib/libcinder_d.a\"";
				PRODUCT_NAME = TextSample;
				SYMROOT = ./build;
				WRAPPER_EXTENSION = app;
			};
			name = Debug;
		};
		C01FCF4C08A954540054247B /* Release */ = {
			isa = XCBuildConfiguration;
			buildSettings = {
				COMBINE_HIDPI_IMAGES = YES;
				DEAD_CODE_STRIPPING = YES;
				DEBUG_INFORMATION_FORMAT = "dwarf-with-dsym";
				GCC_FAST_MATH = YES;
				GCC_GENERATE_DEBUGGING_SYMBOLS = NO;
				GCC_INLINES_ARE_PRIVATE_EXTERN = YES;
				GCC_OPTIMIZATION_LEVEL = 3;
				GCC_PRECOMPILE_PREFIX_HEADER = YES;
				GCC_PREFIX_HEADER = TextSample_Prefix.pch;
				GCC_PREPROCESSOR_DEFINITIONS = (
					"NDEBUG=1",
					"$(inherited)",
				);
				GCC_SYMBOLS_PRIVATE_EXTERN = NO;
				INFOPLIST_FILE = Info.plist;
				INSTALL_PATH = "$(HOME)/Applications";
				OTHER_LDFLAGS = "\"$(CINDER_PATH)/lib/libcinder.a\"";
				PRODUCT_NAME = TextSample;
				STRIP_INSTALLED_PRODUCT = YES;
				SYMROOT = ./build;
				WRAPPER_EXTENSION = app;
			};
			name = Release;
		};
		C01FCF4F08A954540054247B /* Debug */ = {
			isa = XCBuildConfiguration;
			buildSettings = {
				ALWAYS_SEARCH_USER_PATHS = NO;
				ARCHS = i386;
				CINDER_PATH = ../../../../..;
				CLANG_CXX_LANGUAGE_STANDARD = "c++0x";
				CLANG_CXX_LIBRARY = "libc++";
				GCC_WARN_ABOUT_RETURN_TYPE = YES;
				GCC_WARN_UNUSED_VARIABLE = YES;
				HEADER_SEARCH_PATHS = "\"$(CINDER_PATH)/boost\"";
				MACOSX_DEPLOYMENT_TARGET = 10.7;
				SDKROOT = macosx;
				USER_HEADER_SEARCH_PATHS = "\"$(CINDER_PATH)/include\" ../include ../../../src/poScene";
			};
			name = Debug;
		};
		C01FCF5008A954540054247B /* Release */ = {
			isa = XCBuildConfiguration;
			buildSettings = {
				ALWAYS_SEARCH_USER_PATHS = NO;
				ARCHS = i386;
				CINDER_PATH = ../../../../..;
				CLANG_CXX_LANGUAGE_STANDARD = "c++0x";
				CLANG_CXX_LIBRARY = "libc++";
				GCC_WARN_ABOUT_RETURN_TYPE = YES;
				GCC_WARN_UNUSED_VARIABLE = YES;
				HEADER_SEARCH_PATHS = "\"$(CINDER_PATH)/boost\"";
				MACOSX_DEPLOYMENT_TARGET = 10.7;
				SDKROOT = macosx;
				USER_HEADER_SEARCH_PATHS = "\"$(CINDER_PATH)/include\" ../include ../../../src/poScene";
			};
			name = Release;
		};
/* End XCBuildConfiguration section */

/* Begin XCConfigurationList section */
		C01FCF4A08A954540054247B /* Build configuration list for PBXNativeTarget "TextSample" */ = {
			isa = XCConfigurationList;
			buildConfigurations = (
				C01FCF4B08A954540054247B /* Debug */,
				C01FCF4C08A954540054247B /* Release */,
			);
			defaultConfigurationIsVisible = 0;
			defaultConfigurationName = Release;
		};
		C01FCF4E08A954540054247B /* Build configuration list for PBXProject "TextSample" */ = {
			isa = XCConfigurationList;
			buildConfigurations = (
				C01FCF4F08A954540054247B /* Debug */,
				C01FCF5008A954540054247B /* Release */,
			);
			defaultConfigurationIsVisible = 0;
			defaultConfigurationName = Release;
		};
/* End XCConfigurationList section */
	};
	rootObject = 29B97313FDCFA39411CA2CEA /* Project object */;
}
