
Microsoft Visual Studio Solution File, Format Version 12.00
# Visual Studio 2013
Project("{8BC9CEB8-8B4A-11D0-8D11-00A0C91BC942}") = "MaskingSample", "MaskingSample.vcxproj", "{C1D04954-49C4-492A-B918-24CE1D7880FD}"
EndProject
Global
	GlobalSection(SolutionConfigurationPlatforms) = preSolution
		Debug|Win32 = Debug|Win32
		Release|Win32 = Release|Win32
	EndGlobalSection
	GlobalSection(ProjectConfigurationPlatforms) = postSolution
		{C1D04954-49C4-492A-B918-24CE1D7880FD}.Debug|Win32.ActiveCfg = Debug|Win32
		{C1D04954-49C4-492A-B918-24CE1D7880FD}.Debug|Win32.Build.0 = Debug|Win32
		{C1D04954-49C4-492A-B918-24CE1D7880FD}.Release|Win32.ActiveCfg = Release|Win32
		{C1D04954-49C4-492A-B918-24CE1D7880FD}.Release|Win32.Build.0 = Release|Win32
	EndGlobalSection
	GlobalSection(SolutionProperties) = preSolution
		HideSolutionNode = FALSE
	EndGlobalSection
EndGlobal
