// !$*UTF8*$!
{
	archiveVersion = 1;
	classes = {
	};
	objectVersion = 46;
	objects = {

/* Begin PBXBuildFile section */
		006D720419952D00008149E2 /* AVFoundation.framework in Frameworks */ = {isa = PBXBuildFile; fileRef = 006D720219952D00008149E2 /* AVFoundation.framework */; };
		006D720519952D00008149E2 /* CoreMedia.framework in Frameworks */ = {isa = PBXBuildFile; fileRef = 006D720319952D00008149E2 /* CoreMedia.framework */; };
		0091D8F90E81B9330029341E /* OpenGL.framework in Frameworks */ = {isa = PBXBuildFile; fileRef = 0091D8F80E81B9330029341E /* OpenGL.framework */; };
		00B784B30FF439BC000DE1D7 /* Accelerate.framework in Frameworks */ = {isa = PBXBuildFile; fileRef = 00B784AF0FF439BC000DE1D7 /* Accelerate.framework */; };
		00B784B40FF439BC000DE1D7 /* AudioToolbox.framework in Frameworks */ = {isa = PBXBuildFile; fileRef = 00B784B00FF439BC000DE1D7 /* AudioToolbox.framework */; };
		00B784B50FF439BC000DE1D7 /* AudioUnit.framework in Frameworks */ = {isa = PBXBuildFile; fileRef = 00B784B10FF439BC000DE1D7 /* AudioUnit.framework */; };
		00B784B60FF439BC000DE1D7 /* CoreAudio.framework in Frameworks */ = {isa = PBXBuildFile; fileRef = 00B784B20FF439BC000DE1D7 /* CoreAudio.framework */; };
		00B9955A1B128DF400A5C623 /* IOKit.framework in Frameworks */ = {isa = PBXBuildFile; fileRef = 00B995581B128DF400A5C623 /* IOKit.framework */; };
		00B9955B1B128DF400A5C623 /* IOSurface.framework in Frameworks */ = {isa = PBXBuildFile; fileRef = 00B995591B128DF400A5C623 /* IOSurface.framework */; };
		5323E6B20EAFCA74003A9687 /* CoreVideo.framework in Frameworks */ = {isa = PBXBuildFile; fileRef = 5323E6B10EAFCA74003A9687 /* CoreVideo.framework */; };
		763615B77C284EC69BDF8D9E /* CinderApp.icns in Resources */ = {isa = PBXBuildFile; fileRef = C5875FF199FC423A94F5921F /* CinderApp.icns */; };
		8D11072F0486CEB800E47090 /* Cocoa.framework in Frameworks */ = {isa = PBXBuildFile; fileRef = 1058C7A1FEA54F0111CA2CBB /* Cocoa.framework */; };
		AB8462DB22FA0AF60034C93D /* MainViewController.cpp in Sources */ = {isa = PBXBuildFile; fileRef = AB8462D922FA0AF60034C93D /* MainViewController.cpp */; };
		AB8462FC22FA0B050034C93D /* EventCenter.cpp in Sources */ = {isa = PBXBuildFile; fileRef = AB8462DC22FA0B040034C93D /* EventCenter.cpp */; };
		AB8462FD22FA0B050034C93D /* DraggableView.cpp in Sources */ = {isa = PBXBuildFile; fileRef = AB8462DD22FA0B040034C93D /* DraggableView.cpp */; };
		AB8462FE22FA0B050034C93D /* Scene.cpp in Sources */ = {isa = PBXBuildFile; fileRef = AB8462E322FA0B040034C93D /* Scene.cpp */; };
		AB8462FF22FA0B050034C93D /* DragAndDrop.cpp in Sources */ = {isa = PBXBuildFile; fileRef = AB8462E422FA0B040034C93D /* DragAndDrop.cpp */; };
		AB84630022FA0B050034C93D /* Events.cpp in Sources */ = {isa = PBXBuildFile; fileRef = AB8462E522FA0B040034C93D /* Events.cpp */; };
		AB84630122FA0B050034C93D /* Button.cpp in Sources */ = {isa = PBXBuildFile; fileRef = AB8462E722FA0B040034C93D /* Button.cpp */; };
		AB84630222FA0B050034C93D /* ButtonSet.cpp in Sources */ = {isa = PBXBuildFile; fileRef = AB8462E822FA0B040034C93D /* ButtonSet.cpp */; };
		AB84630322FA0B050034C93D /* ScrollView.cpp in Sources */ = {isa = PBXBuildFile; fileRef = AB8462EC22FA0B040034C93D /* ScrollView.cpp */; };
		AB84630422FA0B050034C93D /* TextView.cpp in Sources */ = {isa = PBXBuildFile; fileRef = AB8462F122FA0B040034C93D /* TextView.cpp */; };
		AB84630522FA0B050034C93D /* ViewController.cpp in Sources */ = {isa = PBXBuildFile; fileRef = AB8462F322FA0B040034C93D /* ViewController.cpp */; };
		AB84630622FA0B050034C93D /* ShapeView.cpp in Sources */ = {isa = PBXBuildFile; fileRef = AB8462F722FA0B050034C93D /* ShapeView.cpp */; };
		AB84630722FA0B050034C93D /* View.cpp in Sources */ = {isa = PBXBuildFile; fileRef = AB8462F822FA0B050034C93D /* View.cpp */; };
		AB84630822FA0B050034C93D /* ImageView.cpp in Sources */ = {isa = PBXBuildFile; fileRef = AB8462FA22FA0B050034C93D /* ImageView.cpp */; };
		AB84630922FA0B050034C93D /* MatrixSet.cpp in Sources */ = {isa = PBXBuildFile; fileRef = AB8462FB22FA0B050034C93D /* MatrixSet.cpp */; };
		E9C655F3A2C24DE4868A35C6 /* DragAndDropApp.cpp in Sources */ = {isa = PBXBuildFile; fileRef = 1AFAFE8B256944019E1DB5F1 /* DragAndDropApp.cpp */; };
/* End PBXBuildFile section */

/* Begin PBXFileReference section */
		006D720219952D00008149E2 /* AVFoundation.framework */ = {isa = PBXFileReference; lastKnownFileType = wrapper.framework; name = AVFoundation.framework; path = System/Library/Frameworks/AVFoundation.framework; sourceTree = SDKROOT; };
		006D720319952D00008149E2 /* CoreMedia.framework */ = {isa = PBXFileReference; lastKnownFileType = wrapper.framework; name = CoreMedia.framework; path = System/Library/Frameworks/CoreMedia.framework; sourceTree = SDKROOT; };
		0091D8F80E81B9330029341E /* OpenGL.framework */ = {isa = PBXFileReference; lastKnownFileType = wrapper.framework; name = OpenGL.framework; path = /System/Library/Frameworks/OpenGL.framework; sourceTree = "<absolute>"; };
		00B784AF0FF439BC000DE1D7 /* Accelerate.framework */ = {isa = PBXFileReference; lastKnownFileType = wrapper.framework; name = Accelerate.framework; path = System/Library/Frameworks/Accelerate.framework; sourceTree = SDKROOT; };
		00B784B00FF439BC000DE1D7 /* AudioToolbox.framework */ = {isa = PBXFileReference; lastKnownFileType = wrapper.framework; name = AudioToolbox.framework; path = System/Library/Frameworks/AudioToolbox.framework; sourceTree = SDKROOT; };
		00B784B10FF439BC000DE1D7 /* AudioUnit.framework */ = {isa = PBXFileReference; lastKnownFileType = wrapper.framework; name = AudioUnit.framework; path = System/Library/Frameworks/AudioUnit.framework; sourceTree = SDKROOT; };
		00B784B20FF439BC000DE1D7 /* CoreAudio.framework */ = {isa = PBXFileReference; lastKnownFileType = wrapper.framework; name = CoreAudio.framework; path = System/Library/Frameworks/CoreAudio.framework; sourceTree = SDKROOT; };
		00B995581B128DF400A5C623 /* IOKit.framework */ = {isa = PBXFileReference; lastKnownFileType = wrapper.framework; name = IOKit.framework; path = System/Library/Frameworks/IOKit.framework; sourceTree = SDKROOT; };
		00B995591B128DF400A5C623 /* IOSurface.framework */ = {isa = PBXFileReference; lastKnownFileType = wrapper.framework; name = IOSurface.framework; path = System/Library/Frameworks/IOSurface.framework; sourceTree = SDKROOT; };
		1058C7A1FEA54F0111CA2CBB /* Cocoa.framework */ = {isa = PBXFileReference; lastKnownFileType = wrapper.framework; name = Cocoa.framework; path = /System/Library/Frameworks/Cocoa.framework; sourceTree = "<absolute>"; };
		1AFAFE8B256944019E1DB5F1 /* DragAndDropApp.cpp */ = {isa = PBXFileReference; lastKnownFileType = sourcecode.c.cpp; name = DragAndDropApp.cpp; path = ../src/DragAndDropApp.cpp; sourceTree = "<group>"; };
		29B97324FDCFA39411CA2CEA /* AppKit.framework */ = {isa = PBXFileReference; lastKnownFileType = wrapper.framework; name = AppKit.framework; path = /System/Library/Frameworks/AppKit.framework; sourceTree = "<absolute>"; };
		29B97325FDCFA39411CA2CEA /* Foundation.framework */ = {isa = PBXFileReference; lastKnownFileType = wrapper.framework; name = Foundation.framework; path = /System/Library/Frameworks/Foundation.framework; sourceTree = "<absolute>"; };
		2BAC516DE16E4057B7DF6FDE /* Info.plist */ = {isa = PBXFileReference; lastKnownFileType = text.plist.xml; path = Info.plist; sourceTree = "<group>"; };
		4353B8EFFF5E498098F6C6A3 /* DragAndDrop_Prefix.pch */ = {isa = PBXFileReference; lastKnownFileType = "\"\""; path = DragAndDrop_Prefix.pch; sourceTree = "<group>"; };
		5323E6B10EAFCA74003A9687 /* CoreVideo.framework */ = {isa = PBXFileReference; lastKnownFileType = wrapper.framework; name = CoreVideo.framework; path = /System/Library/Frameworks/CoreVideo.framework; sourceTree = "<absolute>"; };
		8D1107320486CEB800E47090 /* DragAndDrop.app */ = {isa = PBXFileReference; explicitFileType = wrapper.application; includeInIndex = 0; path = DragAndDrop.app; sourceTree = BUILT_PRODUCTS_DIR; };
		AB8462D922FA0AF60034C93D /* MainViewController.cpp */ = {isa = PBXFileReference; fileEncoding = 4; lastKnownFileType = sourcecode.cpp.cpp; name = MainViewController.cpp; path = ../src/MainViewController.cpp; sourceTree = "<group>"; };
		AB8462DA22FA0AF60034C93D /* MainViewController.h */ = {isa = PBXFileReference; fileEncoding = 4; lastKnownFileType = sourcecode.c.h; name = MainViewController.h; path = ../src/MainViewController.h; sourceTree = "<group>"; };
		AB8462DC22FA0B040034C93D /* EventCenter.cpp */ = {isa = PBXFileReference; fileEncoding = 4; lastKnownFileType = sourcecode.cpp.cpp; name = EventCenter.cpp; path = ../../../src/poScene/EventCenter.cpp; sourceTree = "<group>"; };
		AB8462DD22FA0B040034C93D /* DraggableView.cpp */ = {isa = PBXFileReference; fileEncoding = 4; lastKnownFileType = sourcecode.cpp.cpp; name = DraggableView.cpp; path = ../../../src/poScene/DraggableView.cpp; sourceTree = "<group>"; };
		AB8462DE22FA0B040034C93D /* ImageView.h */ = {isa = PBXFileReference; fileEncoding = 4; lastKnownFileType = sourcecode.c.h; name = ImageView.h; path = ../../../src/poScene/ImageView.h; sourceTree = "<group>"; };
		AB8462DF22FA0B040034C93D /* MatrixSet.h */ = {isa = PBXFileReference; fileEncoding = 4; lastKnownFileType = sourcecode.c.h; name = MatrixSet.h; path = ../../../src/poScene/MatrixSet.h; sourceTree = "<group>"; };
		AB8462E022FA0B040034C93D /* DragAndDrop.h */ = {isa = PBXFileReference; fileEncoding = 4; lastKnownFileType = sourcecode.c.h; name = DragAndDrop.h; path = ../../../src/poScene/DragAndDrop.h; sourceTree = "<group>"; };
		AB8462E122FA0B040034C93D /* TextView.h */ = {isa = PBXFileReference; fileEncoding = 4; lastKnownFileType = sourcecode.c.h; name = TextView.h; path = ../../../src/poScene/TextView.h; sourceTree = "<group>"; };
		AB8462E222FA0B040034C93D /* DraggableView.h */ = {isa = PBXFileReference; fileEncoding = 4; lastKnownFileType = sourcecode.c.h; name = DraggableView.h; path = ../../../src/poScene/DraggableView.h; sourceTree = "<group>"; };
		AB8462E322FA0B040034C93D /* Scene.cpp */ = {isa = PBXFileReference; fileEncoding = 4; lastKnownFileType = sourcecode.cpp.cpp; name = Scene.cpp; path = ../../../src/poScene/Scene.cpp; sourceTree = "<group>"; };
		AB8462E422FA0B040034C93D /* DragAndDrop.cpp */ = {isa = PBXFileReference; fileEncoding = 4; lastKnownFileType = sourcecode.cpp.cpp; name = DragAndDrop.cpp; path = ../../../src/poScene/DragAndDrop.cpp; sourceTree = "<group>"; };
		AB8462E522FA0B040034C93D /* Events.cpp */ = {isa = PBXFileReference; fileEncoding = 4; lastKnownFileType = sourcecode.cpp.cpp; name = Events.cpp; path = ../../../src/poScene/Events.cpp; sourceTree = "<group>"; };
		AB8462E722FA0B040034C93D /* Button.cpp */ = {isa = PBXFileReference; fileEncoding = 4; lastKnownFileType = sourcecode.cpp.cpp; path = Button.cpp; sourceTree = "<group>"; };
		AB8462E822FA0B040034C93D /* ButtonSet.cpp */ = {isa = PBXFileReference; fileEncoding = 4; lastKnownFileType = sourcecode.cpp.cpp; path = ButtonSet.cpp; sourceTree = "<group>"; };
		AB8462E922FA0B040034C93D /* ScrollView.h */ = {isa = PBXFileReference; fileEncoding = 4; lastKnownFileType = sourcecode.c.h; path = ScrollView.h; sourceTree = "<group>"; };
		AB8462EA22FA0B040034C93D /* ButtonSet.h */ = {isa = PBXFileReference; fileEncoding = 4; lastKnownFileType = sourcecode.c.h; path = ButtonSet.h; sourceTree = "<group>"; };
		AB8462EB22FA0B040034C93D /* Button.h */ = {isa = PBXFileReference; fileEncoding = 4; lastKnownFileType = sourcecode.c.h; path = Button.h; sourceTree = "<group>"; };
		AB8462EC22FA0B040034C93D /* ScrollView.cpp */ = {isa = PBXFileReference; fileEncoding = 4; lastKnownFileType = sourcecode.cpp.cpp; path = ScrollView.cpp; sourceTree = "<group>"; };
		AB8462ED22FA0B040034C93D /* ShapeView.h */ = {isa = PBXFileReference; fileEncoding = 4; lastKnownFileType = sourcecode.c.h; name = ShapeView.h; path = ../../../src/poScene/ShapeView.h; sourceTree = "<group>"; };
		AB8462EE22FA0B040034C93D /* TextureFit.h */ = {isa = PBXFileReference; fileEncoding = 4; lastKnownFileType = sourcecode.c.h; name = TextureFit.h; path = ../../../src/poScene/TextureFit.h; sourceTree = "<group>"; };
		AB8462EF22FA0B040034C93D /* View.h */ = {isa = PBXFileReference; fileEncoding = 4; lastKnownFileType = sourcecode.c.h; name = View.h; path = ../../../src/poScene/View.h; sourceTree = "<group>"; };
		AB8462F022FA0B040034C93D /* Events.h */ = {isa = PBXFileReference; fileEncoding = 4; lastKnownFileType = sourcecode.c.h; name = Events.h; path = ../../../src/poScene/Events.h; sourceTree = "<group>"; };
		AB8462F122FA0B040034C93D /* TextView.cpp */ = {isa = PBXFileReference; fileEncoding = 4; lastKnownFileType = sourcecode.cpp.cpp; name = TextView.cpp; path = ../../../src/poScene/TextView.cpp; sourceTree = "<group>"; };
		AB8462F222FA0B040034C93D /* ViewController.h */ = {isa = PBXFileReference; fileEncoding = 4; lastKnownFileType = sourcecode.c.h; name = ViewController.h; path = ../../../src/poScene/ViewController.h; sourceTree = "<group>"; };
		AB8462F322FA0B040034C93D /* ViewController.cpp */ = {isa = PBXFileReference; fileEncoding = 4; lastKnownFileType = sourcecode.cpp.cpp; name = ViewController.cpp; path = ../../../src/poScene/ViewController.cpp; sourceTree = "<group>"; };
		AB8462F422FA0B040034C93D /* ViewEvents.h */ = {isa = PBXFileReference; fileEncoding = 4; lastKnownFileType = sourcecode.c.h; name = ViewEvents.h; path = ../../../src/poScene/ViewEvents.h; sourceTree = "<group>"; };
		AB8462F522FA0B040034C93D /* VideoView.h */ = {isa = PBXFileReference; fileEncoding = 4; lastKnownFileType = sourcecode.c.h; name = VideoView.h; path = ../../../src/poScene/VideoView.h; sourceTree = "<group>"; };
		AB8462F622FA0B050034C93D /* Scene.h */ = {isa = PBXFileReference; fileEncoding = 4; lastKnownFileType = sourcecode.c.h; name = Scene.h; path = ../../../src/poScene/Scene.h; sourceTree = "<group>"; };
		AB8462F722FA0B050034C93D /* ShapeView.cpp */ = {isa = PBXFileReference; fileEncoding = 4; lastKnownFileType = sourcecode.cpp.cpp; name = ShapeView.cpp; path = ../../../src/poScene/ShapeView.cpp; sourceTree = "<group>"; };
		AB8462F822FA0B050034C93D /* View.cpp */ = {isa = PBXFileReference; fileEncoding = 4; lastKnownFileType = sourcecode.cpp.cpp; name = View.cpp; path = ../../../src/poScene/View.cpp; sourceTree = "<group>"; };
		AB8462F922FA0B050034C93D /* EventCenter.h */ = {isa = PBXFileReference; fileEncoding = 4; lastKnownFileType = sourcecode.c.h; name = EventCenter.h; path = ../../../src/poScene/EventCenter.h; sourceTree = "<group>"; };
		AB8462FA22FA0B050034C93D /* ImageView.cpp */ = {isa = PBXFileReference; fileEncoding = 4; lastKnownFileType = sourcecode.cpp.cpp; name = ImageView.cpp; path = ../../../src/poScene/ImageView.cpp; sourceTree = "<group>"; };
		AB8462FB22FA0B050034C93D /* MatrixSet.cpp */ = {isa = PBXFileReference; fileEncoding = 4; lastKnownFileType = sourcecode.cpp.cpp; name = MatrixSet.cpp; path = ../../../src/poScene/MatrixSet.cpp; sourceTree = "<group>"; };
		C5875FF199FC423A94F5921F /* CinderApp.icns */ = {isa = PBXFileReference; lastKnownFileType = image.icns; name = CinderApp.icns; path = ../resources/CinderApp.icns; sourceTree = "<group>"; };
		F6578CDAFAFD4DDCBDB34F61 /* Resources.h */ = {isa = PBXFileReference; lastKnownFileType = sourcecode.c.h; name = Resources.h; path = ../include/Resources.h; sourceTree = "<group>"; };
/* End PBXFileReference section */

/* Begin PBXFrameworksBuildPhase section */
		8D11072E0486CEB800E47090 /* Frameworks */ = {
			isa = PBXFrameworksBuildPhase;
			buildActionMask = 2147483647;
			files = (
				006D720419952D00008149E2 /* AVFoundation.framework in Frameworks */,
				006D720519952D00008149E2 /* CoreMedia.framework in Frameworks */,
				8D11072F0486CEB800E47090 /* Cocoa.framework in Frameworks */,
				0091D8F90E81B9330029341E /* OpenGL.framework in Frameworks */,
				5323E6B20EAFCA74003A9687 /* CoreVideo.framework in Frameworks */,
				00B784B30FF439BC000DE1D7 /* Accelerate.framework in Frameworks */,
				00B784B40FF439BC000DE1D7 /* AudioToolbox.framework in Frameworks */,
				00B784B50FF439BC000DE1D7 /* AudioUnit.framework in Frameworks */,
				00B784B60FF439BC000DE1D7 /* CoreAudio.framework in Frameworks */,
				00B9955A1B128DF400A5C623 /* IOKit.framework in Frameworks */,
				00B9955B1B128DF400A5C623 /* IOSurface.framework in Frameworks */,
			);
			runOnlyForDeploymentPostprocessing = 0;
		};
/* End PBXFrameworksBuildPhase section */

/* Begin PBXGroup section */
		01B97315FEAEA392516A2CEA /* Blocks */ = {
			isa = PBXGroup;
			children = (
				3F4D8D310B054B7B87CAF208 /* poScene */,
			);
			name = Blocks;
			sourceTree = "<group>";
		};
		080E96DDFE201D6D7F000001 /* Source */ = {
			isa = PBXGroup;
			children = (
				AB8462D922FA0AF60034C93D /* MainViewController.cpp */,
				AB8462DA22FA0AF60034C93D /* MainViewController.h */,
				1AFAFE8B256944019E1DB5F1 /* DragAndDropApp.cpp */,
			);
			name = Source;
			sourceTree = "<group>";
		};
		1058C7A0FEA54F0111CA2CBB /* Linked Frameworks */ = {
			isa = PBXGroup;
			children = (
				006D720219952D00008149E2 /* AVFoundation.framework */,
				006D720319952D00008149E2 /* CoreMedia.framework */,
				00B784AF0FF439BC000DE1D7 /* Accelerate.framework */,
				00B784B00FF439BC000DE1D7 /* AudioToolbox.framework */,
				00B784B10FF439BC000DE1D7 /* AudioUnit.framework */,
				00B784B20FF439BC000DE1D7 /* CoreAudio.framework */,
				5323E6B10EAFCA74003A9687 /* CoreVideo.framework */,
				0091D8F80E81B9330029341E /* OpenGL.framework */,
				1058C7A1FEA54F0111CA2CBB /* Cocoa.framework */,
				00B995581B128DF400A5C623 /* IOKit.framework */,
				00B995591B128DF400A5C623 /* IOSurface.framework */,
			);
			name = "Linked Frameworks";
			sourceTree = "<group>";
		};
		1058C7A2FEA54F0111CA2CBB /* Other Frameworks */ = {
			isa = PBXGroup;
			children = (
				29B97324FDCFA39411CA2CEA /* AppKit.framework */,
				29B97325FDCFA39411CA2CEA /* Foundation.framework */,
			);
			name = "Other Frameworks";
			sourceTree = "<group>";
		};
		19C28FACFE9D520D11CA2CBB /* Products */ = {
			isa = PBXGroup;
			children = (
				8D1107320486CEB800E47090 /* DragAndDrop.app */,
			);
			name = Products;
			sourceTree = "<group>";
		};
		29B97314FDCFA39411CA2CEA /* DragAndDrop */ = {
			isa = PBXGroup;
			children = (
				01B97315FEAEA392516A2CEA /* Blocks */,
				29B97315FDCFA39411CA2CEA /* Headers */,
				080E96DDFE201D6D7F000001 /* Source */,
				29B97317FDCFA39411CA2CEA /* Resources */,
				29B97323FDCFA39411CA2CEA /* Frameworks */,
				19C28FACFE9D520D11CA2CBB /* Products */,
			);
			name = DragAndDrop;
			sourceTree = "<group>";
		};
		29B97315FDCFA39411CA2CEA /* Headers */ = {
			isa = PBXGroup;
			children = (
				F6578CDAFAFD4DDCBDB34F61 /* Resources.h */,
				4353B8EFFF5E498098F6C6A3 /* DragAndDrop_Prefix.pch */,
			);
			name = Headers;
			sourceTree = "<group>";
		};
		29B97317FDCFA39411CA2CEA /* Resources */ = {
			isa = PBXGroup;
			children = (
				C5875FF199FC423A94F5921F /* CinderApp.icns */,
				2BAC516DE16E4057B7DF6FDE /* Info.plist */,
			);
			name = Resources;
			sourceTree = "<group>";
		};
		29B97323FDCFA39411CA2CEA /* Frameworks */ = {
			isa = PBXGroup;
			children = (
				1058C7A0FEA54F0111CA2CBB /* Linked Frameworks */,
				1058C7A2FEA54F0111CA2CBB /* Other Frameworks */,
			);
			name = Frameworks;
			sourceTree = "<group>";
		};
		3F4D8D310B054B7B87CAF208 /* poScene */ = {
			isa = PBXGroup;
			children = (
				74AA1806F28E4E85A48301B5 /* src */,
			);
			name = poScene;
			sourceTree = "<group>";
		};
		584134555B6D4341A92B32B1 /* poScene */ = {
			isa = PBXGroup;
			children = (
				AB8462E422FA0B040034C93D /* DragAndDrop.cpp */,
				AB8462E022FA0B040034C93D /* DragAndDrop.h */,
				AB8462DD22FA0B040034C93D /* DraggableView.cpp */,
				AB8462E222FA0B040034C93D /* DraggableView.h */,
				AB8462DC22FA0B040034C93D /* EventCenter.cpp */,
				AB8462F922FA0B050034C93D /* EventCenter.h */,
				AB8462E522FA0B040034C93D /* Events.cpp */,
				AB8462F022FA0B040034C93D /* Events.h */,
				AB8462FA22FA0B050034C93D /* ImageView.cpp */,
				AB8462DE22FA0B040034C93D /* ImageView.h */,
				AB8462FB22FA0B050034C93D /* MatrixSet.cpp */,
				AB8462DF22FA0B040034C93D /* MatrixSet.h */,
				AB8462E322FA0B040034C93D /* Scene.cpp */,
				AB8462F622FA0B050034C93D /* Scene.h */,
				AB8462F722FA0B050034C93D /* ShapeView.cpp */,
				AB8462ED22FA0B040034C93D /* ShapeView.h */,
				AB8462EE22FA0B040034C93D /* TextureFit.h */,
				AB8462F122FA0B040034C93D /* TextView.cpp */,
				AB8462E122FA0B040034C93D /* TextView.h */,
				AB8462E622FA0B040034C93D /* ui */,
				AB8462F522FA0B040034C93D /* VideoView.h */,
				AB8462F822FA0B050034C93D /* View.cpp */,
				AB8462EF22FA0B040034C93D /* View.h */,
				AB8462F322FA0B040034C93D /* ViewController.cpp */,
				AB8462F222FA0B040034C93D /* ViewController.h */,
				AB8462F422FA0B040034C93D /* ViewEvents.h */,
			);
			name = poScene;
			sourceTree = "<group>";
		};
		74AA1806F28E4E85A48301B5 /* src */ = {
			isa = PBXGroup;
			children = (
				584134555B6D4341A92B32B1 /* poScene */,
			);
			name = src;
			sourceTree = "<group>";
		};
		AB8462E622FA0B040034C93D /* ui */ = {
			isa = PBXGroup;
			children = (
				AB8462E722FA0B040034C93D /* Button.cpp */,
				AB8462E822FA0B040034C93D /* ButtonSet.cpp */,
				AB8462E922FA0B040034C93D /* ScrollView.h */,
				AB8462EA22FA0B040034C93D /* ButtonSet.h */,
				AB8462EB22FA0B040034C93D /* Button.h */,
				AB8462EC22FA0B040034C93D /* ScrollView.cpp */,
			);
			name = ui;
			path = ../../../src/poScene/ui;
			sourceTree = "<group>";
		};
/* End PBXGroup section */

/* Begin PBXNativeTarget section */
		8D1107260486CEB800E47090 /* DragAndDrop */ = {
			isa = PBXNativeTarget;
			buildConfigurationList = C01FCF4A08A954540054247B /* Build configuration list for PBXNativeTarget "DragAndDrop" */;
			buildPhases = (
				8D1107290486CEB800E47090 /* Resources */,
				8D11072C0486CEB800E47090 /* Sources */,
				8D11072E0486CEB800E47090 /* Frameworks */,
			);
			buildRules = (
			);
			dependencies = (
			);
			name = DragAndDrop;
			productInstallPath = "$(HOME)/Applications";
			productName = DragAndDrop;
			productReference = 8D1107320486CEB800E47090 /* DragAndDrop.app */;
			productType = "com.apple.product-type.application";
		};
/* End PBXNativeTarget section */

/* Begin PBXProject section */
		29B97313FDCFA39411CA2CEA /* Project object */ = {
			isa = PBXProject;
			attributes = {
			};
			buildConfigurationList = C01FCF4E08A954540054247B /* Build configuration list for PBXProject "DragAndDrop" */;
			compatibilityVersion = "Xcode 3.2";
			developmentRegion = English;
			hasScannedForEncodings = 1;
			knownRegions = (
				English,
				Japanese,
				French,
				German,
			);
			mainGroup = 29B97314FDCFA39411CA2CEA /* DragAndDrop */;
			projectDirPath = "";
			projectRoot = "";
			targets = (
				8D1107260486CEB800E47090 /* DragAndDrop */,
			);
		};
/* End PBXProject section */

/* Begin PBXResourcesBuildPhase section */
		8D1107290486CEB800E47090 /* Resources */ = {
			isa = PBXResourcesBuildPhase;
			buildActionMask = 2147483647;
			files = (
				763615B77C284EC69BDF8D9E /* CinderApp.icns in Resources */,
			);
			runOnlyForDeploymentPostprocessing = 0;
		};
/* End PBXResourcesBuildPhase section */

/* Begin PBXSourcesBuildPhase section */
		8D11072C0486CEB800E47090 /* Sources */ = {
			isa = PBXSourcesBuildPhase;
			buildActionMask = 2147483647;
			files = (
				AB84630722FA0B050034C93D /* View.cpp in Sources */,
				AB84630222FA0B050034C93D /* ButtonSet.cpp in Sources */,
				E9C655F3A2C24DE4868A35C6 /* DragAndDropApp.cpp in Sources */,
				AB8462DB22FA0AF60034C93D /* MainViewController.cpp in Sources */,
				AB84630622FA0B050034C93D /* ShapeView.cpp in Sources */,
				AB84630022FA0B050034C93D /* Events.cpp in Sources */,
				AB8462FF22FA0B050034C93D /* DragAndDrop.cpp in Sources */,
				AB84630422FA0B050034C93D /* TextView.cpp in Sources */,
				AB84630822FA0B050034C93D /* ImageView.cpp in Sources */,
				AB84630522FA0B050034C93D /* ViewController.cpp in Sources */,
				AB8462FD22FA0B050034C93D /* DraggableView.cpp in Sources */,
				AB8462FE22FA0B050034C93D /* Scene.cpp in Sources */,
				AB84630322FA0B050034C93D /* ScrollView.cpp in Sources */,
				AB8462FC22FA0B050034C93D /* EventCenter.cpp in Sources */,
				AB84630122FA0B050034C93D /* Button.cpp in Sources */,
				AB84630922FA0B050034C93D /* MatrixSet.cpp in Sources */,
			);
			runOnlyForDeploymentPostprocessing = 0;
		};
/* End PBXSourcesBuildPhase section */

/* Begin XCBuildConfiguration section */
		C01FCF4B08A954540054247B /* Debug */ = {
			isa = XCBuildConfiguration;
			buildSettings = {
				COMBINE_HIDPI_IMAGES = YES;
				COPY_PHASE_STRIP = NO;
				DEAD_CODE_STRIPPING = YES;
				GCC_DYNAMIC_NO_PIC = NO;
				GCC_INLINES_ARE_PRIVATE_EXTERN = YES;
				GCC_OPTIMIZATION_LEVEL = 0;
				GCC_PRECOMPILE_PREFIX_HEADER = YES;
				GCC_PREFIX_HEADER = DragAndDrop_Prefix.pch;
				GCC_PREPROCESSOR_DEFINITIONS = (
					"DEBUG=1",
					"$(inherited)",
				);
				GCC_SYMBOLS_PRIVATE_EXTERN = NO;
				INFOPLIST_FILE = Info.plist;
				INSTALL_PATH = "$(HOME)/Applications";
				OTHER_LDFLAGS = "\"$(CINDER_PATH)/lib/macosx/Debug/libcinder.a\"";
				PRODUCT_BUNDLE_IDENTIFIER = "org.libcinder.${PRODUCT_NAME:rfc1034identifier}";
				PRODUCT_NAME = DragAndDrop;
				SYMROOT = ./build;
				WRAPPER_EXTENSION = app;
			};
			name = Debug;
		};
		C01FCF4C08A954540054247B /* Release */ = {
			isa = XCBuildConfiguration;
			buildSettings = {
				COMBINE_HIDPI_IMAGES = YES;
				DEAD_CODE_STRIPPING = YES;
				DEBUG_INFORMATION_FORMAT = "dwarf-with-dsym";
				GCC_FAST_MATH = YES;
				GCC_GENERATE_DEBUGGING_SYMBOLS = NO;
				GCC_INLINES_ARE_PRIVATE_EXTERN = YES;
				GCC_OPTIMIZATION_LEVEL = 3;
				GCC_PRECOMPILE_PREFIX_HEADER = YES;
				GCC_PREFIX_HEADER = DragAndDrop_Prefix.pch;
				GCC_PREPROCESSOR_DEFINITIONS = (
					"NDEBUG=1",
					"$(inherited)",
				);
				GCC_SYMBOLS_PRIVATE_EXTERN = NO;
				INFOPLIST_FILE = Info.plist;
				INSTALL_PATH = "$(HOME)/Applications";
				OTHER_LDFLAGS = "\"$(CINDER_PATH)/lib/macosx/Release/libcinder.a\"";
				PRODUCT_BUNDLE_IDENTIFIER = "org.libcinder.${PRODUCT_NAME:rfc1034identifier}";
				PRODUCT_NAME = DragAndDrop;
				STRIP_INSTALLED_PRODUCT = YES;
				SYMROOT = ./build;
				WRAPPER_EXTENSION = app;
			};
			name = Release;
		};
		C01FCF4F08A954540054247B /* Debug */ = {
			isa = XCBuildConfiguration;
			buildSettings = {
				ALWAYS_SEARCH_USER_PATHS = YES;
				CINDER_PATH = ../../../../..;
				CLANG_CXX_LANGUAGE_STANDARD = "c++11";
				CLANG_CXX_LIBRARY = "libc++";
				ENABLE_TESTABILITY = YES;
				GCC_WARN_ABOUT_RETURN_TYPE = YES;
				GCC_WARN_CHECK_SWITCH_STATEMENTS = NO;
				GCC_WARN_UNUSED_VARIABLE = YES;
				HEADER_SEARCH_PATHS = "\"$(CINDER_PATH)/include\"";
				MACOSX_DEPLOYMENT_TARGET = 10.8;
				ONLY_ACTIVE_ARCH = YES;
				SDKROOT = macosx;
				USER_HEADER_SEARCH_PATHS = "\"$(CINDER_PATH)/include\" ../include ../../../src";
			};
			name = Debug;
		};
		C01FCF5008A954540054247B /* Release */ = {
			isa = XCBuildConfiguration;
			buildSettings = {
				ALWAYS_SEARCH_USER_PATHS = YES;
				CINDER_PATH = ../../../../..;
				CLANG_CXX_LANGUAGE_STANDARD = "c++11";
				CLANG_CXX_LIBRARY = "libc++";
				GCC_WARN_ABOUT_RETURN_TYPE = YES;
				GCC_WARN_CHECK_SWITCH_STATEMENTS = NO;
				GCC_WARN_UNUSED_VARIABLE = YES;
				HEADER_SEARCH_PATHS = "\"$(CINDER_PATH)/include\"";
				MACOSX_DEPLOYMENT_TARGET = 10.8;
				SDKROOT = macosx;
				USER_HEADER_SEARCH_PATHS = "\"$(CINDER_PATH)/include\" ../include ../../../src";
			};
			name = Release;
		};
/* End XCBuildConfiguration section */

/* Begin XCConfigurationList section */
		C01FCF4A08A954540054247B /* Build configuration list for PBXNativeTarget "DragAndDrop" */ = {
			isa = XCConfigurationList;
			buildConfigurations = (
				C01FCF4B08A954540054247B /* Debug */,
				C01FCF4C08A954540054247B /* Release */,
			);
			defaultConfigurationIsVisible = 0;
			defaultConfigurationName = Release;
		};
		C01FCF4E08A954540054247B /* Build configuration list for PBXProject "DragAndDrop" */ = {
			isa = XCConfigurationList;
			buildConfigurations = (
				C01FCF4F08A954540054247B /* Debug */,
				C01FCF5008A954540054247B /* Release */,
			);
			defaultConfigurationIsVisible = 0;
			defaultConfigurationName = Release;
		};
/* End XCConfigurationList section */
	};
	rootObject = 29B97313FDCFA39411CA2CEA /* Project object */;
}
