// !$*UTF8*$!
{
	archiveVersion = 1;
	classes = {
	};
	objectVersion = 46;
	objects = {

/* Begin PBXBuildFile section */
		0091D8F90E81B9330029341E /* OpenGL.framework in Frameworks */ = {isa = PBXBuildFile; fileRef = 0091D8F80E81B9330029341E /* OpenGL.framework */; };
		00B784B30FF439BC000DE1D7 /* Accelerate.framework in Frameworks */ = {isa = PBXBuildFile; fileRef = 00B784AF0FF439BC000DE1D7 /* Accelerate.framework */; };
		00B784B40FF439BC000DE1D7 /* AudioToolbox.framework in Frameworks */ = {isa = PBXBuildFile; fileRef = 00B784B00FF439BC000DE1D7 /* AudioToolbox.framework */; };
		00B784B50FF439BC000DE1D7 /* AudioUnit.framework in Frameworks */ = {isa = PBXBuildFile; fileRef = 00B784B10FF439BC000DE1D7 /* AudioUnit.framework */; };
		00B784B60FF439BC000DE1D7 /* CoreAudio.framework in Frameworks */ = {isa = PBXBuildFile; fileRef = 00B784B20FF439BC000DE1D7 /* CoreAudio.framework */; };
		0EF0368B1B54279F007C4F99 /* IOSurface.framework in Frameworks */ = {isa = PBXBuildFile; fileRef = 0EF0368A1B54279F007C4F99 /* IOSurface.framework */; };
		5323E6B20EAFCA74003A9687 /* CoreVideo.framework in Frameworks */ = {isa = PBXBuildFile; fileRef = 5323E6B10EAFCA74003A9687 /* CoreVideo.framework */; };
		5323E6B60EAFCA7E003A9687 /* QTKit.framework in Frameworks */ = {isa = PBXBuildFile; fileRef = 5323E6B50EAFCA7E003A9687 /* QTKit.framework */; };
		8D11072F0486CEB800E47090 /* Cocoa.framework in Frameworks */ = {isa = PBXBuildFile; fileRef = 1058C7A1FEA54F0111CA2CBB /* Cocoa.framework */; };
		AA547AB71B541D66005BEC40 /* AVFoundation.framework in Frameworks */ = {isa = PBXBuildFile; fileRef = AA547AB61B541D66005BEC40 /* AVFoundation.framework */; };
		AA547AB91B541D6D005BEC40 /* CoreMedia.framework in Frameworks */ = {isa = PBXBuildFile; fileRef = AA547AB81B541D6D005BEC40 /* CoreMedia.framework */; };
		AA547ABB1B541D74005BEC40 /* IOKit.framework in Frameworks */ = {isa = PBXBuildFile; fileRef = AA547ABA1B541D74005BEC40 /* IOKit.framework */; };
		AA7AF0C41E1426F4008608B4 /* _DragAndDrop.cpp in Sources */ = {isa = PBXBuildFile; fileRef = AA7AED7B1E1426F0008608B4 /* _DragAndDrop.cpp */; };
		AA7AF0C51E1426F4008608B4 /* _DraggableView.cpp in Sources */ = {isa = PBXBuildFile; fileRef = AA7AED7C1E1426F0008608B4 /* _DraggableView.cpp */; };
		AA7AF0C61E1426F4008608B4 /* _EventCenter.cpp in Sources */ = {isa = PBXBuildFile; fileRef = AA7AED7D1E1426F0008608B4 /* _EventCenter.cpp */; };
		AA7AF0C71E1426F4008608B4 /* _Events.cpp in Sources */ = {isa = PBXBuildFile; fileRef = AA7AED7E1E1426F0008608B4 /* _Events.cpp */; };
		AA7AF0C81E1426F4008608B4 /* _ImageView.cpp in Sources */ = {isa = PBXBuildFile; fileRef = AA7AED7F1E1426F0008608B4 /* _ImageView.cpp */; };
		AA7AF0C91E1426F4008608B4 /* _MatrixSet.cpp in Sources */ = {isa = PBXBuildFile; fileRef = AA7AED801E1426F0008608B4 /* _MatrixSet.cpp */; };
		AA7AF0CA1E1426F4008608B4 /* _Scene.cpp in Sources */ = {isa = PBXBuildFile; fileRef = AA7AED811E1426F0008608B4 /* _Scene.cpp */; };
		AA7AF0CB1E1426F4008608B4 /* _ShapeView.cpp in Sources */ = {isa = PBXBuildFile; fileRef = AA7AED821E1426F0008608B4 /* _ShapeView.cpp */; };
		AA7AF0CC1E1426F4008608B4 /* _TextView.cpp in Sources */ = {isa = PBXBuildFile; fileRef = AA7AED831E1426F0008608B4 /* _TextView.cpp */; };
		AA7AF0CD1E1426F4008608B4 /* _View.cpp in Sources */ = {isa = PBXBuildFile; fileRef = AA7AED841E1426F0008608B4 /* _View.cpp */; };
		AA7AF0CF1E1426F4008608B4 /* _ViewController.cpp in Sources */ = {isa = PBXBuildFile; fileRef = AA7AED871E1426F0008608B4 /* _ViewController.cpp */; };
		B21B69FC6EB749088FFAD5F8 /* VideoSample.cpp in Sources */ = {isa = PBXBuildFile; fileRef = F1DF2F40A4384922A820E97D /* VideoSample.cpp */; };
		CB18B1691BFD4F3EB695A001 /* CinderApp.icns in Resources */ = {isa = PBXBuildFile; fileRef = 7232E225EB734CEDB3E0B271 /* CinderApp.icns */; };
		D11B516C65834C708CFC993C /* VideoSampleApp.cpp in Sources */ = {isa = PBXBuildFile; fileRef = B144E4BE240D4ED4A285747D /* VideoSampleApp.cpp */; };
/* End PBXBuildFile section */

/* Begin PBXFileReference section */
		0091D8F80E81B9330029341E /* OpenGL.framework */ = {isa = PBXFileReference; lastKnownFileType = wrapper.framework; name = OpenGL.framework; path = /System/Library/Frameworks/OpenGL.framework; sourceTree = "<absolute>"; };
		00B784AF0FF439BC000DE1D7 /* Accelerate.framework */ = {isa = PBXFileReference; lastKnownFileType = wrapper.framework; name = Accelerate.framework; path = System/Library/Frameworks/Accelerate.framework; sourceTree = SDKROOT; };
		00B784B00FF439BC000DE1D7 /* AudioToolbox.framework */ = {isa = PBXFileReference; lastKnownFileType = wrapper.framework; name = AudioToolbox.framework; path = System/Library/Frameworks/AudioToolbox.framework; sourceTree = SDKROOT; };
		00B784B10FF439BC000DE1D7 /* AudioUnit.framework */ = {isa = PBXFileReference; lastKnownFileType = wrapper.framework; name = AudioUnit.framework; path = System/Library/Frameworks/AudioUnit.framework; sourceTree = SDKROOT; };
		00B784B20FF439BC000DE1D7 /* CoreAudio.framework */ = {isa = PBXFileReference; lastKnownFileType = wrapper.framework; name = CoreAudio.framework; path = System/Library/Frameworks/CoreAudio.framework; sourceTree = SDKROOT; };
		0EF0368A1B54279F007C4F99 /* IOSurface.framework */ = {isa = PBXFileReference; lastKnownFileType = wrapper.framework; name = IOSurface.framework; path = System/Library/Frameworks/IOSurface.framework; sourceTree = SDKROOT; };
		1058C7A1FEA54F0111CA2CBB /* Cocoa.framework */ = {isa = PBXFileReference; lastKnownFileType = wrapper.framework; name = Cocoa.framework; path = /System/Library/Frameworks/Cocoa.framework; sourceTree = "<absolute>"; };
		29B97324FDCFA39411CA2CEA /* AppKit.framework */ = {isa = PBXFileReference; lastKnownFileType = wrapper.framework; name = AppKit.framework; path = /System/Library/Frameworks/AppKit.framework; sourceTree = "<absolute>"; };
		29B97325FDCFA39411CA2CEA /* Foundation.framework */ = {isa = PBXFileReference; lastKnownFileType = wrapper.framework; name = Foundation.framework; path = /System/Library/Frameworks/Foundation.framework; sourceTree = "<absolute>"; };
		3832A9F91B3CA258002AA5DA /* QuickTime.framework */ = {isa = PBXFileReference; lastKnownFileType = wrapper.framework; name = QuickTime.framework; path = System/Library/Frameworks/QuickTime.framework; sourceTree = SDKROOT; };
		5323E6B10EAFCA74003A9687 /* CoreVideo.framework */ = {isa = PBXFileReference; lastKnownFileType = wrapper.framework; name = CoreVideo.framework; path = /System/Library/Frameworks/CoreVideo.framework; sourceTree = "<absolute>"; };
		5323E6B50EAFCA7E003A9687 /* QTKit.framework */ = {isa = PBXFileReference; lastKnownFileType = wrapper.framework; name = QTKit.framework; path = /System/Library/Frameworks/QTKit.framework; sourceTree = "<absolute>"; };
		5CC9C5DEF7564A959A9D9659 /* VideoSample.h */ = {isa = PBXFileReference; lastKnownFileType = sourcecode.c.h; name = VideoSample.h; path = ../src/VideoSample.h; sourceTree = "<group>"; };
		6AE11820CD474D2B8DC3F657 /* Resources.h */ = {isa = PBXFileReference; lastKnownFileType = sourcecode.c.h; name = Resources.h; path = ../include/Resources.h; sourceTree = "<group>"; };
		7232E225EB734CEDB3E0B271 /* CinderApp.icns */ = {isa = PBXFileReference; lastKnownFileType = image.icns; name = CinderApp.icns; path = ../resources/CinderApp.icns; sourceTree = "<group>"; };
		7D84B74E27D64300B6640772 /* VideoSample_Prefix.pch */ = {isa = PBXFileReference; lastKnownFileType = "\"\""; path = VideoSample_Prefix.pch; sourceTree = "<group>"; };
		8D1107320486CEB800E47090 /* VideoSample.app */ = {isa = PBXFileReference; explicitFileType = wrapper.application; includeInIndex = 0; path = VideoSample.app; sourceTree = BUILT_PRODUCTS_DIR; };
		AA547AB61B541D66005BEC40 /* AVFoundation.framework */ = {isa = PBXFileReference; lastKnownFileType = wrapper.framework; name = AVFoundation.framework; path = System/Library/Frameworks/AVFoundation.framework; sourceTree = SDKROOT; };
		AA547AB81B541D6D005BEC40 /* CoreMedia.framework */ = {isa = PBXFileReference; lastKnownFileType = wrapper.framework; name = CoreMedia.framework; path = System/Library/Frameworks/CoreMedia.framework; sourceTree = SDKROOT; };
		AA547ABA1B541D74005BEC40 /* IOKit.framework */ = {isa = PBXFileReference; lastKnownFileType = wrapper.framework; name = IOKit.framework; path = System/Library/Frameworks/IOKit.framework; sourceTree = SDKROOT; };
		AA7AED7B1E1426F0008608B4 /* _DragAndDrop.cpp */ = {isa = PBXFileReference; fileEncoding = 4; lastKnownFileType = sourcecode.cpp.cpp; path = _DragAndDrop.cpp; sourceTree = "<group>"; };
		AA7AED7C1E1426F0008608B4 /* _DraggableView.cpp */ = {isa = PBXFileReference; fileEncoding = 4; lastKnownFileType = sourcecode.cpp.cpp; path = _DraggableView.cpp; sourceTree = "<group>"; };
		AA7AED7D1E1426F0008608B4 /* _EventCenter.cpp */ = {isa = PBXFileReference; fileEncoding = 4; lastKnownFileType = sourcecode.cpp.cpp; path = _EventCenter.cpp; sourceTree = "<group>"; };
		AA7AED7E1E1426F0008608B4 /* _Events.cpp */ = {isa = PBXFileReference; fileEncoding = 4; lastKnownFileType = sourcecode.cpp.cpp; path = _Events.cpp; sourceTree = "<group>"; };
		AA7AED7F1E1426F0008608B4 /* _ImageView.cpp */ = {isa = PBXFileReference; fileEncoding = 4; lastKnownFileType = sourcecode.cpp.cpp; path = _ImageView.cpp; sourceTree = "<group>"; };
		AA7AED801E1426F0008608B4 /* _MatrixSet.cpp */ = {isa = PBXFileReference; fileEncoding = 4; lastKnownFileType = sourcecode.cpp.cpp; path = _MatrixSet.cpp; sourceTree = "<group>"; };
		AA7AED811E1426F0008608B4 /* _Scene.cpp */ = {isa = PBXFileReference; fileEncoding = 4; lastKnownFileType = sourcecode.cpp.cpp; path = _Scene.cpp; sourceTree = "<group>"; };
		AA7AED821E1426F0008608B4 /* _ShapeView.cpp */ = {isa = PBXFileReference; fileEncoding = 4; lastKnownFileType = sourcecode.cpp.cpp; path = _ShapeView.cpp; sourceTree = "<group>"; };
		AA7AED831E1426F0008608B4 /* _TextView.cpp */ = {isa = PBXFileReference; fileEncoding = 4; lastKnownFileType = sourcecode.cpp.cpp; path = _TextView.cpp; sourceTree = "<group>"; };
		AA7AED841E1426F0008608B4 /* _View.cpp */ = {isa = PBXFileReference; fileEncoding = 4; lastKnownFileType = sourcecode.cpp.cpp; path = _View.cpp; sourceTree = "<group>"; };
		AA7AED871E1426F0008608B4 /* _ViewController.cpp */ = {isa = PBXFileReference; fileEncoding = 4; lastKnownFileType = sourcecode.cpp.cpp; path = _ViewController.cpp; sourceTree = "<group>"; };
		AA7AED881E1426F0008608B4 /* DragAndDrop.h */ = {isa = PBXFileReference; fileEncoding = 4; lastKnownFileType = sourcecode.c.h; path = DragAndDrop.h; sourceTree = "<group>"; };
		AA7AED891E1426F0008608B4 /* DraggableView.h */ = {isa = PBXFileReference; fileEncoding = 4; lastKnownFileType = sourcecode.c.h; path = DraggableView.h; sourceTree = "<group>"; };
		AA7AED8A1E1426F0008608B4 /* EventCenter.h */ = {isa = PBXFileReference; fileEncoding = 4; lastKnownFileType = sourcecode.c.h; path = EventCenter.h; sourceTree = "<group>"; };
		AA7AED8B1E1426F0008608B4 /* Events.h */ = {isa = PBXFileReference; fileEncoding = 4; lastKnownFileType = sourcecode.c.h; path = Events.h; sourceTree = "<group>"; };
		AA7AED8C1E1426F0008608B4 /* ImageView.h */ = {isa = PBXFileReference; fileEncoding = 4; lastKnownFileType = sourcecode.c.h; path = ImageView.h; sourceTree = "<group>"; };
		AA7AED8D1E1426F0008608B4 /* MatrixSet.h */ = {isa = PBXFileReference; fileEncoding = 4; lastKnownFileType = sourcecode.c.h; path = MatrixSet.h; sourceTree = "<group>"; };
		AA7AED8E1E1426F0008608B4 /* Scene.h */ = {isa = PBXFileReference; fileEncoding = 4; lastKnownFileType = sourcecode.c.h; path = Scene.h; sourceTree = "<group>"; };
		AA7AED8F1E1426F0008608B4 /* ShapeView.h */ = {isa = PBXFileReference; fileEncoding = 4; lastKnownFileType = sourcecode.c.h; path = ShapeView.h; sourceTree = "<group>"; };
		AA7AED901E1426F0008608B4 /* TextureFit.h */ = {isa = PBXFileReference; fileEncoding = 4; lastKnownFileType = sourcecode.c.h; path = TextureFit.h; sourceTree = "<group>"; };
		AA7AED911E1426F0008608B4 /* TextView.h */ = {isa = PBXFileReference; fileEncoding = 4; lastKnownFileType = sourcecode.c.h; path = TextView.h; sourceTree = "<group>"; };
		AA7AED921E1426F0008608B4 /* VideoView.h */ = {isa = PBXFileReference; fileEncoding = 4; lastKnownFileType = sourcecode.c.h; path = VideoView.h; sourceTree = "<group>"; };
		AA7AED931E1426F0008608B4 /* View.h */ = {isa = PBXFileReference; fileEncoding = 4; lastKnownFileType = sourcecode.c.h; path = View.h; sourceTree = "<group>"; };
		AA7AED941E1426F0008608B4 /* ViewController.h */ = {isa = PBXFileReference; fileEncoding = 4; lastKnownFileType = sourcecode.c.h; path = ViewController.h; sourceTree = "<group>"; };
		AA7AED951E1426F0008608B4 /* ViewEvents.h */ = {isa = PBXFileReference; fileEncoding = 4; lastKnownFileType = sourcecode.c.h; path = ViewEvents.h; sourceTree = "<group>"; };
		B144E4BE240D4ED4A285747D /* VideoSampleApp.cpp */ = {isa = PBXFileReference; lastKnownFileType = sourcecode.c.cpp; name = VideoSampleApp.cpp; path = ../src/VideoSampleApp.cpp; sourceTree = "<group>"; };
		EF8C83BBB685461F911A5836 /* Info.plist */ = {isa = PBXFileReference; lastKnownFileType = text.plist.xml; path = Info.plist; sourceTree = "<group>"; };
		F1DF2F40A4384922A820E97D /* VideoSample.cpp */ = {isa = PBXFileReference; lastKnownFileType = sourcecode.c.cpp; name = VideoSample.cpp; path = ../src/VideoSample.cpp; sourceTree = "<group>"; };
/* End PBXFileReference section */

/* Begin PBXFrameworksBuildPhase section */
		8D11072E0486CEB800E47090 /* Frameworks */ = {
			isa = PBXFrameworksBuildPhase;
			buildActionMask = 2147483647;
			files = (
				0EF0368B1B54279F007C4F99 /* IOSurface.framework in Frameworks */,
				AA547ABB1B541D74005BEC40 /* IOKit.framework in Frameworks */,
				AA547AB91B541D6D005BEC40 /* CoreMedia.framework in Frameworks */,
				AA547AB71B541D66005BEC40 /* AVFoundation.framework in Frameworks */,
				8D11072F0486CEB800E47090 /* Cocoa.framework in Frameworks */,
				0091D8F90E81B9330029341E /* OpenGL.framework in Frameworks */,
				5323E6B20EAFCA74003A9687 /* CoreVideo.framework in Frameworks */,
				5323E6B60EAFCA7E003A9687 /* QTKit.framework in Frameworks */,
				00B784B30FF439BC000DE1D7 /* Accelerate.framework in Frameworks */,
				00B784B40FF439BC000DE1D7 /* AudioToolbox.framework in Frameworks */,
				00B784B50FF439BC000DE1D7 /* AudioUnit.framework in Frameworks */,
				00B784B60FF439BC000DE1D7 /* CoreAudio.framework in Frameworks */,
			);
			runOnlyForDeploymentPostprocessing = 0;
		};
/* End PBXFrameworksBuildPhase section */

/* Begin PBXGroup section */
		01B97315FEAEA392516A2CEA /* Blocks */ = {
			isa = PBXGroup;
			children = (
				AA7AE9211E1426EA008608B4 /* Cinder-poScene */,
			);
			name = Blocks;
			sourceTree = "<group>";
		};
		080E96DDFE201D6D7F000001 /* Source */ = {
			isa = PBXGroup;
			children = (
				B144E4BE240D4ED4A285747D /* VideoSampleApp.cpp */,
				5CC9C5DEF7564A959A9D9659 /* VideoSample.h */,
				F1DF2F40A4384922A820E97D /* VideoSample.cpp */,
			);
			name = Source;
			sourceTree = "<group>";
		};
		1058C7A0FEA54F0111CA2CBB /* Linked Frameworks */ = {
			isa = PBXGroup;
			children = (
				00B784AF0FF439BC000DE1D7 /* Accelerate.framework */,
				00B784B00FF439BC000DE1D7 /* AudioToolbox.framework */,
				00B784B10FF439BC000DE1D7 /* AudioUnit.framework */,
				00B784B20FF439BC000DE1D7 /* CoreAudio.framework */,
				5323E6B50EAFCA7E003A9687 /* QTKit.framework */,
				5323E6B10EAFCA74003A9687 /* CoreVideo.framework */,
				0091D8F80E81B9330029341E /* OpenGL.framework */,
				1058C7A1FEA54F0111CA2CBB /* Cocoa.framework */,
			);
			name = "Linked Frameworks";
			sourceTree = "<group>";
		};
		1058C7A2FEA54F0111CA2CBB /* Other Frameworks */ = {
			isa = PBXGroup;
			children = (
				29B97324FDCFA39411CA2CEA /* AppKit.framework */,
				29B97325FDCFA39411CA2CEA /* Foundation.framework */,
			);
			name = "Other Frameworks";
			sourceTree = "<group>";
		};
		19C28FACFE9D520D11CA2CBB /* Products */ = {
			isa = PBXGroup;
			children = (
				8D1107320486CEB800E47090 /* VideoSample.app */,
			);
			name = Products;
			sourceTree = "<group>";
		};
		29B97314FDCFA39411CA2CEA /* VideoSample */ = {
			isa = PBXGroup;
			children = (
				01B97315FEAEA392516A2CEA /* Blocks */,
				29B97315FDCFA39411CA2CEA /* Headers */,
				080E96DDFE201D6D7F000001 /* Source */,
				29B97317FDCFA39411CA2CEA /* Resources */,
				29B97323FDCFA39411CA2CEA /* Frameworks */,
				19C28FACFE9D520D11CA2CBB /* Products */,
			);
			name = VideoSample;
			sourceTree = "<group>";
		};
		29B97315FDCFA39411CA2CEA /* Headers */ = {
			isa = PBXGroup;
			children = (
				6AE11820CD474D2B8DC3F657 /* Resources.h */,
				7D84B74E27D64300B6640772 /* VideoSample_Prefix.pch */,
			);
			name = Headers;
			sourceTree = "<group>";
		};
		29B97317FDCFA39411CA2CEA /* Resources */ = {
			isa = PBXGroup;
			children = (
				7232E225EB734CEDB3E0B271 /* CinderApp.icns */,
				EF8C83BBB685461F911A5836 /* Info.plist */,
			);
			name = Resources;
			sourceTree = "<group>";
		};
		29B97323FDCFA39411CA2CEA /* Frameworks */ = {
			isa = PBXGroup;
			children = (
				0EF0368A1B54279F007C4F99 /* IOSurface.framework */,
				AA547ABA1B541D74005BEC40 /* IOKit.framework */,
				AA547AB81B541D6D005BEC40 /* CoreMedia.framework */,
				AA547AB61B541D66005BEC40 /* AVFoundation.framework */,
				3832A9F91B3CA258002AA5DA /* QuickTime.framework */,
				1058C7A0FEA54F0111CA2CBB /* Linked Frameworks */,
				1058C7A2FEA54F0111CA2CBB /* Other Frameworks */,
			);
			name = Frameworks;
			sourceTree = "<group>";
		};
		AA7AE9211E1426EA008608B4 /* Cinder-poScene */ = {
			isa = PBXGroup;
			children = (
				AA7AED791E1426F0008608B4 /* src */,
			);
			name = "Cinder-poScene";
			path = ../../..;
			sourceTree = "<group>";
		};
		AA7AED791E1426F0008608B4 /* src */ = {
			isa = PBXGroup;
			children = (
				AA7AED7A1E1426F0008608B4 /* poScene */,
			);
			path = src;
			sourceTree = "<group>";
		};
		AA7AED7A1E1426F0008608B4 /* poScene */ = {
			isa = PBXGroup;
			children = (
				AA7AED7B1E1426F0008608B4 /* _DragAndDrop.cpp */,
				AA7AED7C1E1426F0008608B4 /* _DraggableView.cpp */,
				AA7AED7D1E1426F0008608B4 /* _EventCenter.cpp */,
				AA7AED7E1E1426F0008608B4 /* _Events.cpp */,
				AA7AED7F1E1426F0008608B4 /* _ImageView.cpp */,
				AA7AED801E1426F0008608B4 /* _MatrixSet.cpp */,
				AA7AED811E1426F0008608B4 /* _Scene.cpp */,
				AA7AED821E1426F0008608B4 /* _ShapeView.cpp */,
				AA7AED831E1426F0008608B4 /* _TextView.cpp */,
				AA7AED841E1426F0008608B4 /* _View.cpp */,
				AA7AED871E1426F0008608B4 /* _ViewController.cpp */,
				AA7AED881E1426F0008608B4 /* DragAndDrop.h */,
				AA7AED891E1426F0008608B4 /* DraggableView.h */,
				AA7AED8A1E1426F0008608B4 /* EventCenter.h */,
				AA7AED8B1E1426F0008608B4 /* Events.h */,
				AA7AED8C1E1426F0008608B4 /* ImageView.h */,
				AA7AED8D1E1426F0008608B4 /* MatrixSet.h */,
				AA7AED8E1E1426F0008608B4 /* Scene.h */,
				AA7AED8F1E1426F0008608B4 /* ShapeView.h */,
				AA7AED901E1426F0008608B4 /* TextureFit.h */,
				AA7AED911E1426F0008608B4 /* TextView.h */,
				AA7AED921E1426F0008608B4 /* VideoView.h */,
				AA7AED931E1426F0008608B4 /* View.h */,
				AA7AED941E1426F0008608B4 /* ViewController.h */,
				AA7AED951E1426F0008608B4 /* ViewEvents.h */,
			);
			path = poScene;
			sourceTree = "<group>";
		};
/* End PBXGroup section */

/* Begin PBXNativeTarget section */
		8D1107260486CEB800E47090 /* VideoSample */ = {
			isa = PBXNativeTarget;
			buildConfigurationList = C01FCF4A08A954540054247B /* Build configuration list for PBXNativeTarget "VideoSample" */;
			buildPhases = (
				8D1107290486CEB800E47090 /* Resources */,
				8D11072C0486CEB800E47090 /* Sources */,
				8D11072E0486CEB800E47090 /* Frameworks */,
			);
			buildRules = (
			);
			dependencies = (
			);
			name = VideoSample;
			productInstallPath = "$(HOME)/Applications";
			productName = VideoSample;
			productReference = 8D1107320486CEB800E47090 /* VideoSample.app */;
			productType = "com.apple.product-type.application";
		};
/* End PBXNativeTarget section */

/* Begin PBXProject section */
		29B97313FDCFA39411CA2CEA /* Project object */ = {
			isa = PBXProject;
			attributes = {
			};
			buildConfigurationList = C01FCF4E08A954540054247B /* Build configuration list for PBXProject "VideoSample" */;
			compatibilityVersion = "Xcode 3.2";
			developmentRegion = English;
			hasScannedForEncodings = 1;
			knownRegions = (
				English,
				Japanese,
				French,
				German,
			);
			mainGroup = 29B97314FDCFA39411CA2CEA /* VideoSample */;
			projectDirPath = "";
			projectRoot = "";
			targets = (
				8D1107260486CEB800E47090 /* VideoSample */,
			);
		};
/* End PBXProject section */

/* Begin PBXResourcesBuildPhase section */
		8D1107290486CEB800E47090 /* Resources */ = {
			isa = PBXResourcesBuildPhase;
			buildActionMask = 2147483647;
			files = (
				CB18B1691BFD4F3EB695A001 /* CinderApp.icns in Resources */,
			);
			runOnlyForDeploymentPostprocessing = 0;
		};
/* End PBXResourcesBuildPhase section */

/* Begin PBXSourcesBuildPhase section */
		8D11072C0486CEB800E47090 /* Sources */ = {
			isa = PBXSourcesBuildPhase;
			buildActionMask = 2147483647;
			files = (
				AA7AF0CB1E1426F4008608B4 /* _ShapeView.cpp in Sources */,
				AA7AF0CF1E1426F4008608B4 /* _ViewController.cpp in Sources */,
				AA7AF0C61E1426F4008608B4 /* _EventCenter.cpp in Sources */,
				AA7AF0CC1E1426F4008608B4 /* _TextView.cpp in Sources */,
				AA7AF0C81E1426F4008608B4 /* _ImageView.cpp in Sources */,
				D11B516C65834C708CFC993C /* VideoSampleApp.cpp in Sources */,
				AA7AF0CD1E1426F4008608B4 /* _View.cpp in Sources */,
				AA7AF0C71E1426F4008608B4 /* _Events.cpp in Sources */,
				AA7AF0C51E1426F4008608B4 /* _DraggableView.cpp in Sources */,
				AA7AF0CA1E1426F4008608B4 /* _Scene.cpp in Sources */,
				AA7AF0C91E1426F4008608B4 /* _MatrixSet.cpp in Sources */,
				AA7AF0C41E1426F4008608B4 /* _DragAndDrop.cpp in Sources */,
				B21B69FC6EB749088FFAD5F8 /* VideoSample.cpp in Sources */,
			);
			runOnlyForDeploymentPostprocessing = 0;
		};
/* End PBXSourcesBuildPhase section */

/* Begin XCBuildConfiguration section */
		C01FCF4B08A954540054247B /* Debug */ = {
			isa = XCBuildConfiguration;
			buildSettings = {
				COMBINE_HIDPI_IMAGES = YES;
				COPY_PHASE_STRIP = NO;
				DEAD_CODE_STRIPPING = YES;
				GCC_DYNAMIC_NO_PIC = NO;
				GCC_INLINES_ARE_PRIVATE_EXTERN = YES;
				GCC_OPTIMIZATION_LEVEL = 0;
				GCC_PRECOMPILE_PREFIX_HEADER = YES;
				GCC_PREFIX_HEADER = VideoSample_Prefix.pch;
				GCC_PREPROCESSOR_DEFINITIONS = (
					"DEBUG=1",
					"$(inherited)",
				);
				GCC_SYMBOLS_PRIVATE_EXTERN = NO;
				INFOPLIST_FILE = Info.plist;
				INSTALL_PATH = "$(HOME)/Applications";
				OTHER_LDFLAGS = "\"$(CINDER_PATH)/lib/macosx/Debug/libcinder.a\"";
				PRODUCT_NAME = VideoSample;
				SYMROOT = ./build;
				WRAPPER_EXTENSION = app;
			};
			name = Debug;
		};
		C01FCF4C08A954540054247B /* Release */ = {
			isa = XCBuildConfiguration;
			buildSettings = {
				COMBINE_HIDPI_IMAGES = YES;
				DEAD_CODE_STRIPPING = YES;
				DEBUG_INFORMATION_FORMAT = "dwarf-with-dsym";
				GCC_FAST_MATH = YES;
				GCC_GENERATE_DEBUGGING_SYMBOLS = NO;
				GCC_INLINES_ARE_PRIVATE_EXTERN = YES;
				GCC_OPTIMIZATION_LEVEL = 3;
				GCC_PRECOMPILE_PREFIX_HEADER = YES;
				GCC_PREFIX_HEADER = VideoSample_Prefix.pch;
				GCC_PREPROCESSOR_DEFINITIONS = (
					"NDEBUG=1",
					"$(inherited)",
				);
				GCC_SYMBOLS_PRIVATE_EXTERN = NO;
				INFOPLIST_FILE = Info.plist;
				INSTALL_PATH = "$(HOME)/Applications";
				OTHER_LDFLAGS = "\"$(CINDER_PATH)/lib/macosx/Release/libcinder.a\"";
				PRODUCT_NAME = VideoSample;
				STRIP_INSTALLED_PRODUCT = YES;
				SYMROOT = ./build;
				WRAPPER_EXTENSION = app;
			};
			name = Release;
		};
		C01FCF4F08A954540054247B /* Debug */ = {
			isa = XCBuildConfiguration;
			buildSettings = {
				ALWAYS_SEARCH_USER_PATHS = YES;
				ARCHS = "$(ARCHS_STANDARD)";
				CINDER_PATH = ../../../../..;
				CLANG_CXX_LANGUAGE_STANDARD = "c++0x";
				CLANG_CXX_LIBRARY = "libc++";
				GCC_WARN_ABOUT_RETURN_TYPE = YES;
				GCC_WARN_UNUSED_VARIABLE = YES;
				HEADER_SEARCH_PATHS = "\"$(CINDER_PATH)/boost\"";
				MACOSX_DEPLOYMENT_TARGET = 10.7;
				SDKROOT = macosx;
				USER_HEADER_SEARCH_PATHS = "\"$(CINDER_PATH)/include\" ../include \"$(CINDER_PATH)/blocks/Cinder-poScene/src\"";
			};
			name = Debug;
		};
		C01FCF5008A954540054247B /* Release */ = {
			isa = XCBuildConfiguration;
			buildSettings = {
				ALWAYS_SEARCH_USER_PATHS = YES;
				ARCHS = "$(ARCHS_STANDARD)";
				CINDER_PATH = ../../../../..;
				CLANG_CXX_LANGUAGE_STANDARD = "c++0x";
				CLANG_CXX_LIBRARY = "libc++";
				GCC_WARN_ABOUT_RETURN_TYPE = YES;
				GCC_WARN_UNUSED_VARIABLE = YES;
				HEADER_SEARCH_PATHS = "\"$(CINDER_PATH)/boost\"";
				MACOSX_DEPLOYMENT_TARGET = 10.7;
				SDKROOT = macosx;
				USER_HEADER_SEARCH_PATHS = "\"$(CINDER_PATH)/include\" ../include \"$(CINDER_PATH)/blocks/Cinder-poScene/src\"";
			};
			name = Release;
		};
/* End XCBuildConfiguration section */

/* Begin XCConfigurationList section */
		C01FCF4A08A954540054247B /* Build configuration list for PBXNativeTarget "VideoSample" */ = {
			isa = XCConfigurationList;
			buildConfigurations = (
				C01FCF4B08A954540054247B /* Debug */,
				C01FCF4C08A954540054247B /* Release */,
			);
			defaultConfigurationIsVisible = 0;
			defaultConfigurationName = Release;
		};
		C01FCF4E08A954540054247B /* Build configuration list for PBXProject "VideoSample" */ = {
			isa = XCConfigurationList;
			buildConfigurations = (
				C01FCF4F08A954540054247B /* Debug */,
				C01FCF5008A954540054247B /* Release */,
			);
			defaultConfigurationIsVisible = 0;
			defaultConfigurationName = Release;
		};
/* End XCConfigurationList section */
	};
	rootObject = 29B97313FDCFA39411CA2CEA /* Project object */;
}
