// !$*UTF8*$!
{
	archiveVersion = 1;
	classes = {
	};
	objectVersion = 46;
	objects = {

/* Begin PBXBuildFile section */
		0091D8F90E81B9330029341E /* OpenGL.framework in Frameworks */ = {isa = PBXBuildFile; fileRef = 0091D8F80E81B9330029341E /* OpenGL.framework */; };
		00B784B30FF439BC000DE1D7 /* Accelerate.framework in Frameworks */ = {isa = PBXBuildFile; fileRef = 00B784AF0FF439BC000DE1D7 /* Accelerate.framework */; };
		00B784B40FF439BC000DE1D7 /* AudioToolbox.framework in Frameworks */ = {isa = PBXBuildFile; fileRef = 00B784B00FF439BC000DE1D7 /* AudioToolbox.framework */; };
		00B784B50FF439BC000DE1D7 /* AudioUnit.framework in Frameworks */ = {isa = PBXBuildFile; fileRef = 00B784B10FF439BC000DE1D7 /* AudioUnit.framework */; };
		00B784B60FF439BC000DE1D7 /* CoreAudio.framework in Frameworks */ = {isa = PBXBuildFile; fileRef = 00B784B20FF439BC000DE1D7 /* CoreAudio.framework */; };
		0E983D46193525D000FB8D4D /* poMask_frag.glsl in Resources */ = {isa = PBXBuildFile; fileRef = 0E983D44193525D000FB8D4D /* poMask_frag.glsl */; };
		0E983D47193525D000FB8D4D /* poMask_vert.glsl in Resources */ = {isa = PBXBuildFile; fileRef = 0E983D45193525D000FB8D4D /* poMask_vert.glsl */; };
		31C59D698D874E61852E556C /* poEvents.cpp in Sources */ = {isa = PBXBuildFile; fileRef = ED0BB7383BA74879AAF3E9A6 /* poEvents.cpp */; };
		3512BF1A97584847A64316CC /* poTextBox.cpp in Sources */ = {isa = PBXBuildFile; fileRef = 2679C018142B4BE98C2B9DD1 /* poTextBox.cpp */; };
		5323E6B20EAFCA74003A9687 /* CoreVideo.framework in Frameworks */ = {isa = PBXBuildFile; fileRef = 5323E6B10EAFCA74003A9687 /* CoreVideo.framework */; };
		5323E6B60EAFCA7E003A9687 /* QTKit.framework in Frameworks */ = {isa = PBXBuildFile; fileRef = 5323E6B50EAFCA7E003A9687 /* QTKit.framework */; };
		5E53C650B68344FFB937687F /* MaskingApp.cpp in Sources */ = {isa = PBXBuildFile; fileRef = ED9926196BD14D5BBC41D412 /* MaskingApp.cpp */; };
		692214F9104C4F7AB6D1E4B3 /* poNodeContainer.cpp in Sources */ = {isa = PBXBuildFile; fileRef = 805B24245EAC4D41933429ED /* poNodeContainer.cpp */; };
		8553385562FE470188F7BC72 /* poEventCenter.cpp in Sources */ = {isa = PBXBuildFile; fileRef = 8C48784D78A64DBABE910615 /* poEventCenter.cpp */; };
		8D11072F0486CEB800E47090 /* Cocoa.framework in Frameworks */ = {isa = PBXBuildFile; fileRef = 1058C7A1FEA54F0111CA2CBB /* Cocoa.framework */; };
		908B1B7B9C0A4C7594473BD8 /* CinderApp.icns in Resources */ = {isa = PBXBuildFile; fileRef = 1FB77C9037B84A46BD1EFF3C /* CinderApp.icns */; };
		994D02D86B9945F69E417DA3 /* poScene.cpp in Sources */ = {isa = PBXBuildFile; fileRef = D66A4364A4554F95925F441A /* poScene.cpp */; };
		B71E923B94374D009B719C6F /* poNode.cpp in Sources */ = {isa = PBXBuildFile; fileRef = 7BEFF5DC4FCA4A979BE9648D /* poNode.cpp */; };
		D96845F1791E4501AC26656D /* poShape.cpp in Sources */ = {isa = PBXBuildFile; fileRef = 09D4CDC628E345649E85738C /* poShape.cpp */; };
		DA4AEAEEB5164CB09C39BBDD /* poMatrixSet.cpp in Sources */ = {isa = PBXBuildFile; fileRef = A7F52E64E67743FB8E8EF415 /* poMatrixSet.cpp */; };
		FF6502ED05C74C5E9D47CCFB /* Masking.cpp in Sources */ = {isa = PBXBuildFile; fileRef = 8EA58C1321E7469AA80A7941 /* Masking.cpp */; };
/* End PBXBuildFile section */

/* Begin PBXFileReference section */
		0091D8F80E81B9330029341E /* OpenGL.framework */ = {isa = PBXFileReference; lastKnownFileType = wrapper.framework; name = OpenGL.framework; path = /System/Library/Frameworks/OpenGL.framework; sourceTree = "<absolute>"; };
		00B784AF0FF439BC000DE1D7 /* Accelerate.framework */ = {isa = PBXFileReference; lastKnownFileType = wrapper.framework; name = Accelerate.framework; path = System/Library/Frameworks/Accelerate.framework; sourceTree = SDKROOT; };
		00B784B00FF439BC000DE1D7 /* AudioToolbox.framework */ = {isa = PBXFileReference; lastKnownFileType = wrapper.framework; name = AudioToolbox.framework; path = System/Library/Frameworks/AudioToolbox.framework; sourceTree = SDKROOT; };
		00B784B10FF439BC000DE1D7 /* AudioUnit.framework */ = {isa = PBXFileReference; lastKnownFileType = wrapper.framework; name = AudioUnit.framework; path = System/Library/Frameworks/AudioUnit.framework; sourceTree = SDKROOT; };
		00B784B20FF439BC000DE1D7 /* CoreAudio.framework */ = {isa = PBXFileReference; lastKnownFileType = wrapper.framework; name = CoreAudio.framework; path = System/Library/Frameworks/CoreAudio.framework; sourceTree = SDKROOT; };
		07009388ADBA480DB946FEA6 /* poShape.h */ = {isa = PBXFileReference; lastKnownFileType = sourcecode.c.h; name = poShape.h; path = ../../../src/poScene/poShape.h; sourceTree = "<group>"; };
		09D4CDC628E345649E85738C /* poShape.cpp */ = {isa = PBXFileReference; lastKnownFileType = sourcecode.c.cpp; name = poShape.cpp; path = ../../../src/poScene/poShape.cpp; sourceTree = "<group>"; };
		0E983D44193525D000FB8D4D /* poMask_frag.glsl */ = {isa = PBXFileReference; fileEncoding = 4; lastKnownFileType = text; name = poMask_frag.glsl; path = ../../../resources/poSceneResources/shaders/poMask_frag.glsl; sourceTree = "<group>"; };
		0E983D45193525D000FB8D4D /* poMask_vert.glsl */ = {isa = PBXFileReference; fileEncoding = 4; lastKnownFileType = text; name = poMask_vert.glsl; path = ../../../resources/poSceneResources/shaders/poMask_vert.glsl; sourceTree = "<group>"; };
		0E983D481935297E00FB8D4D /* poTextureFit.h */ = {isa = PBXFileReference; fileEncoding = 4; lastKnownFileType = sourcecode.c.h; name = poTextureFit.h; path = ../../../src/poScene/poTextureFit.h; sourceTree = "<group>"; };
		1058C7A1FEA54F0111CA2CBB /* Cocoa.framework */ = {isa = PBXFileReference; lastKnownFileType = wrapper.framework; name = Cocoa.framework; path = /System/Library/Frameworks/Cocoa.framework; sourceTree = "<absolute>"; };
		1FB77C9037B84A46BD1EFF3C /* CinderApp.icns */ = {isa = PBXFileReference; lastKnownFileType = image.icns; name = CinderApp.icns; path = ../resources/CinderApp.icns; sourceTree = "<group>"; };
		2679C018142B4BE98C2B9DD1 /* poTextBox.cpp */ = {isa = PBXFileReference; lastKnownFileType = sourcecode.c.cpp; name = poTextBox.cpp; path = ../../../src/poScene/poTextBox.cpp; sourceTree = "<group>"; };
		29B97324FDCFA39411CA2CEA /* AppKit.framework */ = {isa = PBXFileReference; lastKnownFileType = wrapper.framework; name = AppKit.framework; path = /System/Library/Frameworks/AppKit.framework; sourceTree = "<absolute>"; };
		29B97325FDCFA39411CA2CEA /* Foundation.framework */ = {isa = PBXFileReference; lastKnownFileType = wrapper.framework; name = Foundation.framework; path = /System/Library/Frameworks/Foundation.framework; sourceTree = "<absolute>"; };
		31DE9496CE2040A18F790713 /* Info.plist */ = {isa = PBXFileReference; lastKnownFileType = text.plist.xml; path = Info.plist; sourceTree = "<group>"; };
		3B4ABF5BBCD6489697AF186E /* poScene.h */ = {isa = PBXFileReference; lastKnownFileType = sourcecode.c.h; name = poScene.h; path = ../../../src/poScene/poScene.h; sourceTree = "<group>"; };
		41C81206668F44E1A535526E /* Resources.h */ = {isa = PBXFileReference; lastKnownFileType = sourcecode.c.h; name = Resources.h; path = ../include/Resources.h; sourceTree = "<group>"; };
		46AB6F49ED574AB89DB46357 /* poNodeContainer.h */ = {isa = PBXFileReference; lastKnownFileType = sourcecode.c.h; name = poNodeContainer.h; path = ../../../src/poScene/poNodeContainer.h; sourceTree = "<group>"; };
		5323E6B10EAFCA74003A9687 /* CoreVideo.framework */ = {isa = PBXFileReference; lastKnownFileType = wrapper.framework; name = CoreVideo.framework; path = /System/Library/Frameworks/CoreVideo.framework; sourceTree = "<absolute>"; };
		5323E6B50EAFCA7E003A9687 /* QTKit.framework */ = {isa = PBXFileReference; lastKnownFileType = wrapper.framework; name = QTKit.framework; path = /System/Library/Frameworks/QTKit.framework; sourceTree = "<absolute>"; };
		53AB67BEB0A64C0F8EDC6349 /* Masking.h */ = {isa = PBXFileReference; lastKnownFileType = sourcecode.c.h; name = Masking.h; path = ../src/Masking.h; sourceTree = "<group>"; };
		671B94D099E44BEAB13DCA8A /* poMatrixSet.h */ = {isa = PBXFileReference; lastKnownFileType = sourcecode.c.h; name = poMatrixSet.h; path = ../../../src/poScene/poMatrixSet.h; sourceTree = "<group>"; };
		6F02AF7738EB4766BA1F6637 /* poEvents.h */ = {isa = PBXFileReference; lastKnownFileType = sourcecode.c.h; name = poEvents.h; path = ../../../src/poScene/poEvents.h; sourceTree = "<group>"; };
		7BEFF5DC4FCA4A979BE9648D /* poNode.cpp */ = {isa = PBXFileReference; lastKnownFileType = sourcecode.c.cpp; name = poNode.cpp; path = ../../../src/poScene/poNode.cpp; sourceTree = "<group>"; };
		805B24245EAC4D41933429ED /* poNodeContainer.cpp */ = {isa = PBXFileReference; lastKnownFileType = sourcecode.c.cpp; name = poNodeContainer.cpp; path = ../../../src/poScene/poNodeContainer.cpp; sourceTree = "<group>"; };
		8719B926013B458197F47846 /* Masking_Prefix.pch */ = {isa = PBXFileReference; lastKnownFileType = "\"\""; path = Masking_Prefix.pch; sourceTree = "<group>"; };
		8C48784D78A64DBABE910615 /* poEventCenter.cpp */ = {isa = PBXFileReference; lastKnownFileType = sourcecode.c.cpp; name = poEventCenter.cpp; path = ../../../src/poScene/poEventCenter.cpp; sourceTree = "<group>"; };
		8D1107320486CEB800E47090 /* Masking.app */ = {isa = PBXFileReference; explicitFileType = wrapper.application; includeInIndex = 0; path = Masking.app; sourceTree = BUILT_PRODUCTS_DIR; };
		8EA58C1321E7469AA80A7941 /* Masking.cpp */ = {isa = PBXFileReference; lastKnownFileType = sourcecode.c.cpp; name = Masking.cpp; path = ../src/Masking.cpp; sourceTree = "<group>"; };
		A7F52E64E67743FB8E8EF415 /* poMatrixSet.cpp */ = {isa = PBXFileReference; lastKnownFileType = sourcecode.c.cpp; name = poMatrixSet.cpp; path = ../../../src/poScene/poMatrixSet.cpp; sourceTree = "<group>"; };
		B7970FB59467407DACD00FF6 /* poEventCenter.h */ = {isa = PBXFileReference; lastKnownFileType = sourcecode.c.h; name = poEventCenter.h; path = ../../../src/poScene/poEventCenter.h; sourceTree = "<group>"; };
		D66A4364A4554F95925F441A /* poScene.cpp */ = {isa = PBXFileReference; lastKnownFileType = sourcecode.c.cpp; name = poScene.cpp; path = ../../../src/poScene/poScene.cpp; sourceTree = "<group>"; };
		ED0BB7383BA74879AAF3E9A6 /* poEvents.cpp */ = {isa = PBXFileReference; lastKnownFileType = sourcecode.c.cpp; name = poEvents.cpp; path = ../../../src/poScene/poEvents.cpp; sourceTree = "<group>"; };
		ED9926196BD14D5BBC41D412 /* MaskingApp.cpp */ = {isa = PBXFileReference; lastKnownFileType = sourcecode.c.cpp; name = MaskingApp.cpp; path = ../src/MaskingApp.cpp; sourceTree = "<group>"; };
		F3879B06FEA34CBEA9656BD7 /* poNode.h */ = {isa = PBXFileReference; lastKnownFileType = sourcecode.c.h; name = poNode.h; path = ../../../src/poScene/poNode.h; sourceTree = "<group>"; };
		F6324296F8DC46E49A224316 /* poTextBox.h */ = {isa = PBXFileReference; lastKnownFileType = sourcecode.c.h; name = poTextBox.h; path = ../../../src/poScene/poTextBox.h; sourceTree = "<group>"; };
/* End PBXFileReference section */

/* Begin PBXFrameworksBuildPhase section */
		8D11072E0486CEB800E47090 /* Frameworks */ = {
			isa = PBXFrameworksBuildPhase;
			buildActionMask = 2147483647;
			files = (
				8D11072F0486CEB800E47090 /* Cocoa.framework in Frameworks */,
				0091D8F90E81B9330029341E /* OpenGL.framework in Frameworks */,
				5323E6B20EAFCA74003A9687 /* CoreVideo.framework in Frameworks */,
				5323E6B60EAFCA7E003A9687 /* QTKit.framework in Frameworks */,
				00B784B30FF439BC000DE1D7 /* Accelerate.framework in Frameworks */,
				00B784B40FF439BC000DE1D7 /* AudioToolbox.framework in Frameworks */,
				00B784B50FF439BC000DE1D7 /* AudioUnit.framework in Frameworks */,
				00B784B60FF439BC000DE1D7 /* CoreAudio.framework in Frameworks */,
			);
			runOnlyForDeploymentPostprocessing = 0;
		};
/* End PBXFrameworksBuildPhase section */

/* Begin PBXGroup section */
		01B97315FEAEA392516A2CEA /* Blocks */ = {
			isa = PBXGroup;
			children = (
				FD32A745B4144114AB3678F7 /* poScene */,
			);
			name = Blocks;
			sourceTree = "<group>";
		};
		080E96DDFE201D6D7F000001 /* Source */ = {
			isa = PBXGroup;
			children = (
				ED9926196BD14D5BBC41D412 /* MaskingApp.cpp */,
				8EA58C1321E7469AA80A7941 /* Masking.cpp */,
				53AB67BEB0A64C0F8EDC6349 /* Masking.h */,
			);
			name = Source;
			sourceTree = "<group>";
		};
		1058C7A0FEA54F0111CA2CBB /* Linked Frameworks */ = {
			isa = PBXGroup;
			children = (
				00B784AF0FF439BC000DE1D7 /* Accelerate.framework */,
				00B784B00FF439BC000DE1D7 /* AudioToolbox.framework */,
				00B784B10FF439BC000DE1D7 /* AudioUnit.framework */,
				00B784B20FF439BC000DE1D7 /* CoreAudio.framework */,
				5323E6B50EAFCA7E003A9687 /* QTKit.framework */,
				5323E6B10EAFCA74003A9687 /* CoreVideo.framework */,
				0091D8F80E81B9330029341E /* OpenGL.framework */,
				1058C7A1FEA54F0111CA2CBB /* Cocoa.framework */,
			);
			name = "Linked Frameworks";
			sourceTree = "<group>";
		};
		1058C7A2FEA54F0111CA2CBB /* Other Frameworks */ = {
			isa = PBXGroup;
			children = (
				29B97324FDCFA39411CA2CEA /* AppKit.framework */,
				29B97325FDCFA39411CA2CEA /* Foundation.framework */,
			);
			name = "Other Frameworks";
			sourceTree = "<group>";
		};
		19C28FACFE9D520D11CA2CBB /* Products */ = {
			isa = PBXGroup;
			children = (
				8D1107320486CEB800E47090 /* Masking.app */,
			);
			name = Products;
			sourceTree = "<group>";
		};
		29B97314FDCFA39411CA2CEA /* Masking */ = {
			isa = PBXGroup;
			children = (
				01B97315FEAEA392516A2CEA /* Blocks */,
				29B97315FDCFA39411CA2CEA /* Headers */,
				080E96DDFE201D6D7F000001 /* Source */,
				29B97317FDCFA39411CA2CEA /* Resources */,
				29B97323FDCFA39411CA2CEA /* Frameworks */,
				19C28FACFE9D520D11CA2CBB /* Products */,
			);
			name = Masking;
			sourceTree = "<group>";
		};
		29B97315FDCFA39411CA2CEA /* Headers */ = {
			isa = PBXGroup;
			children = (
				41C81206668F44E1A535526E /* Resources.h */,
				8719B926013B458197F47846 /* Masking_Prefix.pch */,
			);
			name = Headers;
			sourceTree = "<group>";
		};
		29B97317FDCFA39411CA2CEA /* Resources */ = {
			isa = PBXGroup;
			children = (
				0E983D45193525D000FB8D4D /* poMask_vert.glsl */,
				0E983D44193525D000FB8D4D /* poMask_frag.glsl */,
				1FB77C9037B84A46BD1EFF3C /* CinderApp.icns */,
				31DE9496CE2040A18F790713 /* Info.plist */,
			);
			name = Resources;
			sourceTree = "<group>";
		};
		29B97323FDCFA39411CA2CEA /* Frameworks */ = {
			isa = PBXGroup;
			children = (
				1058C7A0FEA54F0111CA2CBB /* Linked Frameworks */,
				1058C7A2FEA54F0111CA2CBB /* Other Frameworks */,
			);
			name = Frameworks;
			sourceTree = "<group>";
		};
		46DA4CC308FA4EE89807B374 /* src */ = {
			isa = PBXGroup;
			children = (
				EA411F30BA3F44E394EFAF15 /* poScene */,
			);
			name = src;
			sourceTree = "<group>";
		};
		EA411F30BA3F44E394EFAF15 /* poScene */ = {
			isa = PBXGroup;
			children = (
				0E983D481935297E00FB8D4D /* poTextureFit.h */,
				B7970FB59467407DACD00FF6 /* poEventCenter.h */,
				8C48784D78A64DBABE910615 /* poEventCenter.cpp */,
				6F02AF7738EB4766BA1F6637 /* poEvents.h */,
				ED0BB7383BA74879AAF3E9A6 /* poEvents.cpp */,
				671B94D099E44BEAB13DCA8A /* poMatrixSet.h */,
				A7F52E64E67743FB8E8EF415 /* poMatrixSet.cpp */,
				F3879B06FEA34CBEA9656BD7 /* poNode.h */,
				7BEFF5DC4FCA4A979BE9648D /* poNode.cpp */,
				46AB6F49ED574AB89DB46357 /* poNodeContainer.h */,
				805B24245EAC4D41933429ED /* poNodeContainer.cpp */,
				3B4ABF5BBCD6489697AF186E /* poScene.h */,
				D66A4364A4554F95925F441A /* poScene.cpp */,
				07009388ADBA480DB946FEA6 /* poShape.h */,
				09D4CDC628E345649E85738C /* poShape.cpp */,
				F6324296F8DC46E49A224316 /* poTextBox.h */,
				2679C018142B4BE98C2B9DD1 /* poTextBox.cpp */,
			);
			name = poScene;
			sourceTree = "<group>";
		};
		FD32A745B4144114AB3678F7 /* poScene */ = {
			isa = PBXGroup;
			children = (
				46DA4CC308FA4EE89807B374 /* src */,
			);
			name = poScene;
			sourceTree = "<group>";
		};
/* End PBXGroup section */

/* Begin PBXNativeTarget section */
		8D1107260486CEB800E47090 /* Masking */ = {
			isa = PBXNativeTarget;
			buildConfigurationList = C01FCF4A08A954540054247B /* Build configuration list for PBXNativeTarget "Masking" */;
			buildPhases = (
				8D1107290486CEB800E47090 /* Resources */,
				8D11072C0486CEB800E47090 /* Sources */,
				8D11072E0486CEB800E47090 /* Frameworks */,
			);
			buildRules = (
			);
			dependencies = (
			);
			name = Masking;
			productInstallPath = "$(HOME)/Applications";
			productName = Masking;
			productReference = 8D1107320486CEB800E47090 /* Masking.app */;
			productType = "com.apple.product-type.application";
		};
/* End PBXNativeTarget section */

/* Begin PBXProject section */
		29B97313FDCFA39411CA2CEA /* Project object */ = {
			isa = PBXProject;
			attributes = {
			};
			buildConfigurationList = C01FCF4E08A954540054247B /* Build configuration list for PBXProject "Masking" */;
			compatibilityVersion = "Xcode 3.2";
			developmentRegion = English;
			hasScannedForEncodings = 1;
			knownRegions = (
				English,
				Japanese,
				French,
				German,
			);
			mainGroup = 29B97314FDCFA39411CA2CEA /* Masking */;
			projectDirPath = "";
			projectRoot = "";
			targets = (
				8D1107260486CEB800E47090 /* Masking */,
			);
		};
/* End PBXProject section */

/* Begin PBXResourcesBuildPhase section */
		8D1107290486CEB800E47090 /* Resources */ = {
			isa = PBXResourcesBuildPhase;
			buildActionMask = 2147483647;
			files = (
				0E983D46193525D000FB8D4D /* poMask_frag.glsl in Resources */,
				908B1B7B9C0A4C7594473BD8 /* CinderApp.icns in Resources */,
				0E983D47193525D000FB8D4D /* poMask_vert.glsl in Resources */,
			);
			runOnlyForDeploymentPostprocessing = 0;
		};
/* End PBXResourcesBuildPhase section */

/* Begin PBXSourcesBuildPhase section */
		8D11072C0486CEB800E47090 /* Sources */ = {
			isa = PBXSourcesBuildPhase;
			buildActionMask = 2147483647;
			files = (
				5E53C650B68344FFB937687F /* MaskingApp.cpp in Sources */,
				FF6502ED05C74C5E9D47CCFB /* Masking.cpp in Sources */,
				8553385562FE470188F7BC72 /* poEventCenter.cpp in Sources */,
				31C59D698D874E61852E556C /* poEvents.cpp in Sources */,
				DA4AEAEEB5164CB09C39BBDD /* poMatrixSet.cpp in Sources */,
				B71E923B94374D009B719C6F /* poNode.cpp in Sources */,
				692214F9104C4F7AB6D1E4B3 /* poNodeContainer.cpp in Sources */,
				994D02D86B9945F69E417DA3 /* poScene.cpp in Sources */,
				D96845F1791E4501AC26656D /* poShape.cpp in Sources */,
				3512BF1A97584847A64316CC /* poTextBox.cpp in Sources */,
			);
			runOnlyForDeploymentPostprocessing = 0;
		};
/* End PBXSourcesBuildPhase section */

/* Begin XCBuildConfiguration section */
		C01FCF4B08A954540054247B /* Debug */ = {
			isa = XCBuildConfiguration;
			buildSettings = {
				COMBINE_HIDPI_IMAGES = YES;
				COPY_PHASE_STRIP = NO;
				DEAD_CODE_STRIPPING = YES;
				GCC_DYNAMIC_NO_PIC = NO;
				GCC_INLINES_ARE_PRIVATE_EXTERN = YES;
				GCC_OPTIMIZATION_LEVEL = 0;
				GCC_PRECOMPILE_PREFIX_HEADER = YES;
				GCC_PREFIX_HEADER = Masking_Prefix.pch;
				GCC_PREPROCESSOR_DEFINITIONS = (
					"DEBUG=1",
					"$(inherited)",
				);
				GCC_SYMBOLS_PRIVATE_EXTERN = NO;
				INFOPLIST_FILE = Info.plist;
				INSTALL_PATH = "$(HOME)/Applications";
				OTHER_LDFLAGS = "\"$(CINDER_PATH)/lib/libcinder_d.a\"";
				PRODUCT_NAME = Masking;
				SYMROOT = ./build;
				WRAPPER_EXTENSION = app;
			};
			name = Debug;
		};
		C01FCF4C08A954540054247B /* Release */ = {
			isa = XCBuildConfiguration;
			buildSettings = {
				COMBINE_HIDPI_IMAGES = YES;
				DEAD_CODE_STRIPPING = YES;
				DEBUG_INFORMATION_FORMAT = "dwarf-with-dsym";
				GCC_FAST_MATH = YES;
				GCC_GENERATE_DEBUGGING_SYMBOLS = NO;
				GCC_INLINES_ARE_PRIVATE_EXTERN = YES;
				GCC_OPTIMIZATION_LEVEL = 3;
				GCC_PRECOMPILE_PREFIX_HEADER = YES;
				GCC_PREFIX_HEADER = Masking_Prefix.pch;
				GCC_SYMBOLS_PRIVATE_EXTERN = NO;
				INFOPLIST_FILE = Info.plist;
				INSTALL_PATH = "$(HOME)/Applications";
				OTHER_LDFLAGS = "\"$(CINDER_PATH)/lib/libcinder.a\"";
				PRODUCT_NAME = Masking;
				STRIP_INSTALLED_PRODUCT = YES;
				SYMROOT = ./build;
				WRAPPER_EXTENSION = app;
			};
			name = Release;
		};
		C01FCF4F08A954540054247B /* Debug */ = {
			isa = XCBuildConfiguration;
			buildSettings = {
				ALWAYS_SEARCH_USER_PATHS = NO;
				ARCHS = i386;
				CINDER_PATH = ../../../../..;
				CLANG_CXX_LANGUAGE_STANDARD = "c++0x";
				CLANG_CXX_LIBRARY = "libc++";
				GCC_WARN_ABOUT_RETURN_TYPE = YES;
				GCC_WARN_UNUSED_VARIABLE = YES;
				HEADER_SEARCH_PATHS = "\"$(CINDER_PATH)/boost\"";
				MACOSX_DEPLOYMENT_TARGET = 10.7;
				SDKROOT = macosx;
				USER_HEADER_SEARCH_PATHS = "\"$(CINDER_PATH)/include\" ../include ../../../src/poScene";
			};
			name = Debug;
		};
		C01FCF5008A954540054247B /* Release */ = {
			isa = XCBuildConfiguration;
			buildSettings = {
				ALWAYS_SEARCH_USER_PATHS = NO;
				ARCHS = i386;
				CINDER_PATH = ../../../../..;
				CLANG_CXX_LANGUAGE_STANDARD = "c++0x";
				CLANG_CXX_LIBRARY = "libc++";
				GCC_WARN_ABOUT_RETURN_TYPE = YES;
				GCC_WARN_UNUSED_VARIABLE = YES;
				HEADER_SEARCH_PATHS = "\"$(CINDER_PATH)/boost\"";
				MACOSX_DEPLOYMENT_TARGET = 10.7;
				SDKROOT = macosx;
				USER_HEADER_SEARCH_PATHS = "\"$(CINDER_PATH)/include\" ../include ../../../src/poScene";
			};
			name = Release;
		};
/* End XCBuildConfiguration section */

/* Begin XCConfigurationList section */
		C01FCF4A08A954540054247B /* Build configuration list for PBXNativeTarget "Masking" */ = {
			isa = XCConfigurationList;
			buildConfigurations = (
				C01FCF4B08A954540054247B /* Debug */,
				C01FCF4C08A954540054247B /* Release */,
			);
			defaultConfigurationIsVisible = 0;
			defaultConfigurationName = Release;
		};
		C01FCF4E08A954540054247B /* Build configuration list for PBXProject "Masking" */ = {
			isa = XCConfigurationList;
			buildConfigurations = (
				C01FCF4F08A954540054247B /* Debug */,
				C01FCF5008A954540054247B /* Release */,
			);
			defaultConfigurationIsVisible = 0;
			defaultConfigurationName = Release;
		};
/* End XCConfigurationList section */
	};
	rootObject = 29B97313FDCFA39411CA2CEA /* Project object */;
}
