// !$*UTF8*$!
{
	archiveVersion = 1;
	classes = {
	};
	objectVersion = 46;
	objects = {

/* Begin PBXBuildFile section */
		0091D8F90E81B9330029341E /* OpenGL.framework in Frameworks */ = {isa = PBXBuildFile; fileRef = 0091D8F80E81B9330029341E /* OpenGL.framework */; };
		00B784B30FF439BC000DE1D7 /* Accelerate.framework in Frameworks */ = {isa = PBXBuildFile; fileRef = 00B784AF0FF439BC000DE1D7 /* Accelerate.framework */; };
		00B784B40FF439BC000DE1D7 /* AudioToolbox.framework in Frameworks */ = {isa = PBXBuildFile; fileRef = 00B784B00FF439BC000DE1D7 /* AudioToolbox.framework */; };
		00B784B50FF439BC000DE1D7 /* AudioUnit.framework in Frameworks */ = {isa = PBXBuildFile; fileRef = 00B784B10FF439BC000DE1D7 /* AudioUnit.framework */; };
		00B784B60FF439BC000DE1D7 /* CoreAudio.framework in Frameworks */ = {isa = PBXBuildFile; fileRef = 00B784B20FF439BC000DE1D7 /* CoreAudio.framework */; };
		08FC3661DD584FD1B231FD99 /* poShape.cpp in Sources */ = {isa = PBXBuildFile; fileRef = A13EA9C7AB684D9B96BE2701 /* poShape.cpp */; };
		3BAB78580BC74ADE89A91239 /* poTextBox.cpp in Sources */ = {isa = PBXBuildFile; fileRef = 1A8FC1E7103D48C880AF8618 /* poTextBox.cpp */; };
		45F8B5E442C24829ABE1D5FC /* poEventCenter.cpp in Sources */ = {isa = PBXBuildFile; fileRef = 4329DD210E14408AB904E4FB /* poEventCenter.cpp */; };
		5323E6B20EAFCA74003A9687 /* CoreVideo.framework in Frameworks */ = {isa = PBXBuildFile; fileRef = 5323E6B10EAFCA74003A9687 /* CoreVideo.framework */; };
		5323E6B60EAFCA7E003A9687 /* QTKit.framework in Frameworks */ = {isa = PBXBuildFile; fileRef = 5323E6B50EAFCA7E003A9687 /* QTKit.framework */; };
		5BFF037DF0FE419C9B484E50 /* AlignmentSampleApp.cpp in Sources */ = {isa = PBXBuildFile; fileRef = CC396B1818044782AE8BAEE6 /* AlignmentSampleApp.cpp */; };
		66F2A199246F43239633DDEA /* AlignmentSample.cpp in Sources */ = {isa = PBXBuildFile; fileRef = 03769B4A9F63484088D37D07 /* AlignmentSample.cpp */; };
		6B048B6E29B245E2B378925F /* poMatrixSet.cpp in Sources */ = {isa = PBXBuildFile; fileRef = F4C9716DEB2C4737A0BDE11F /* poMatrixSet.cpp */; };
		8D11072F0486CEB800E47090 /* Cocoa.framework in Frameworks */ = {isa = PBXBuildFile; fileRef = 1058C7A1FEA54F0111CA2CBB /* Cocoa.framework */; };
		9769BD3978F44EF6B7D85B4C /* poImage.cpp in Sources */ = {isa = PBXBuildFile; fileRef = 9484C1C0314F4F7CA6B652EC /* poImage.cpp */; };
		A4478D102714405F8039518F /* poNodeContainer.cpp in Sources */ = {isa = PBXBuildFile; fileRef = 6F3B18A2E1494E94931D0371 /* poNodeContainer.cpp */; };
		A6F2390336134E8C83C62C6C /* CinderApp.icns in Resources */ = {isa = PBXBuildFile; fileRef = FF8940F9FD5844EE81243D32 /* CinderApp.icns */; };
		E19B3594B7D644FAA28C6392 /* poEvents.cpp in Sources */ = {isa = PBXBuildFile; fileRef = 8D640B90191B4E96BC0D2128 /* poEvents.cpp */; };
		E2127502455741DD98A7FDE2 /* poNode.cpp in Sources */ = {isa = PBXBuildFile; fileRef = 2674ABCE202345B1B2F0BD6B /* poNode.cpp */; };
		EFF86B6C465F46318B525324 /* poScene.cpp in Sources */ = {isa = PBXBuildFile; fileRef = 108293AF3AEC4C18AF22FDD4 /* poScene.cpp */; };
/* End PBXBuildFile section */

/* Begin PBXFileReference section */
		0091D8F80E81B9330029341E /* OpenGL.framework */ = {isa = PBXFileReference; lastKnownFileType = wrapper.framework; name = OpenGL.framework; path = /System/Library/Frameworks/OpenGL.framework; sourceTree = "<absolute>"; };
		00B784AF0FF439BC000DE1D7 /* Accelerate.framework */ = {isa = PBXFileReference; lastKnownFileType = wrapper.framework; name = Accelerate.framework; path = System/Library/Frameworks/Accelerate.framework; sourceTree = SDKROOT; };
		00B784B00FF439BC000DE1D7 /* AudioToolbox.framework */ = {isa = PBXFileReference; lastKnownFileType = wrapper.framework; name = AudioToolbox.framework; path = System/Library/Frameworks/AudioToolbox.framework; sourceTree = SDKROOT; };
		00B784B10FF439BC000DE1D7 /* AudioUnit.framework */ = {isa = PBXFileReference; lastKnownFileType = wrapper.framework; name = AudioUnit.framework; path = System/Library/Frameworks/AudioUnit.framework; sourceTree = SDKROOT; };
		00B784B20FF439BC000DE1D7 /* CoreAudio.framework */ = {isa = PBXFileReference; lastKnownFileType = wrapper.framework; name = CoreAudio.framework; path = System/Library/Frameworks/CoreAudio.framework; sourceTree = SDKROOT; };
		02B73C41C9E840C4924E662F /* poImage.h */ = {isa = PBXFileReference; lastKnownFileType = sourcecode.c.h; name = poImage.h; path = ../../../src/poScene/poImage.h; sourceTree = "<group>"; };
		03769B4A9F63484088D37D07 /* AlignmentSample.cpp */ = {isa = PBXFileReference; lastKnownFileType = sourcecode.c.cpp; name = AlignmentSample.cpp; path = ../src/AlignmentSample.cpp; sourceTree = "<group>"; };
		1058C7A1FEA54F0111CA2CBB /* Cocoa.framework */ = {isa = PBXFileReference; lastKnownFileType = wrapper.framework; name = Cocoa.framework; path = /System/Library/Frameworks/Cocoa.framework; sourceTree = "<absolute>"; };
		108293AF3AEC4C18AF22FDD4 /* poScene.cpp */ = {isa = PBXFileReference; lastKnownFileType = sourcecode.c.cpp; name = poScene.cpp; path = ../../../src/poScene/poScene.cpp; sourceTree = "<group>"; };
		1A8FC1E7103D48C880AF8618 /* poTextBox.cpp */ = {isa = PBXFileReference; lastKnownFileType = sourcecode.c.cpp; name = poTextBox.cpp; path = ../../../src/poScene/poTextBox.cpp; sourceTree = "<group>"; };
		21A2930B8F6C4129B0B42378 /* poNode.h */ = {isa = PBXFileReference; lastKnownFileType = sourcecode.c.h; name = poNode.h; path = ../../../src/poScene/poNode.h; sourceTree = "<group>"; };
		2674ABCE202345B1B2F0BD6B /* poNode.cpp */ = {isa = PBXFileReference; lastKnownFileType = sourcecode.c.cpp; name = poNode.cpp; path = ../../../src/poScene/poNode.cpp; sourceTree = "<group>"; };
		278844E5082D4CEBB3942367 /* poVideo.h */ = {isa = PBXFileReference; lastKnownFileType = sourcecode.c.h; name = poVideo.h; path = ../../../src/poScene/poVideo.h; sourceTree = "<group>"; };
		29B97324FDCFA39411CA2CEA /* AppKit.framework */ = {isa = PBXFileReference; lastKnownFileType = wrapper.framework; name = AppKit.framework; path = /System/Library/Frameworks/AppKit.framework; sourceTree = "<absolute>"; };
		29B97325FDCFA39411CA2CEA /* Foundation.framework */ = {isa = PBXFileReference; lastKnownFileType = wrapper.framework; name = Foundation.framework; path = /System/Library/Frameworks/Foundation.framework; sourceTree = "<absolute>"; };
		2B49A8B67DA74305B95CC0DD /* Resources.h */ = {isa = PBXFileReference; lastKnownFileType = sourcecode.c.h; name = Resources.h; path = ../include/Resources.h; sourceTree = "<group>"; };
		4329DD210E14408AB904E4FB /* poEventCenter.cpp */ = {isa = PBXFileReference; lastKnownFileType = sourcecode.c.cpp; name = poEventCenter.cpp; path = ../../../src/poScene/poEventCenter.cpp; sourceTree = "<group>"; };
		4865672717D548DB90B73859 /* poShape.h */ = {isa = PBXFileReference; lastKnownFileType = sourcecode.c.h; name = poShape.h; path = ../../../src/poScene/poShape.h; sourceTree = "<group>"; };
		5323E6B10EAFCA74003A9687 /* CoreVideo.framework */ = {isa = PBXFileReference; lastKnownFileType = wrapper.framework; name = CoreVideo.framework; path = /System/Library/Frameworks/CoreVideo.framework; sourceTree = "<absolute>"; };
		5323E6B50EAFCA7E003A9687 /* QTKit.framework */ = {isa = PBXFileReference; lastKnownFileType = wrapper.framework; name = QTKit.framework; path = /System/Library/Frameworks/QTKit.framework; sourceTree = "<absolute>"; };
		6F3B18A2E1494E94931D0371 /* poNodeContainer.cpp */ = {isa = PBXFileReference; lastKnownFileType = sourcecode.c.cpp; name = poNodeContainer.cpp; path = ../../../src/poScene/poNodeContainer.cpp; sourceTree = "<group>"; };
		72ABBFCA642F49F0B71431DA /* Info.plist */ = {isa = PBXFileReference; lastKnownFileType = text.plist.xml; path = Info.plist; sourceTree = "<group>"; };
		891533BFF0034234B90454D9 /* poScene.h */ = {isa = PBXFileReference; lastKnownFileType = sourcecode.c.h; name = poScene.h; path = ../../../src/poScene/poScene.h; sourceTree = "<group>"; };
		8D1107320486CEB800E47090 /* AlignmentSample.app */ = {isa = PBXFileReference; explicitFileType = wrapper.application; includeInIndex = 0; path = AlignmentSample.app; sourceTree = BUILT_PRODUCTS_DIR; };
		8D640B90191B4E96BC0D2128 /* poEvents.cpp */ = {isa = PBXFileReference; lastKnownFileType = sourcecode.c.cpp; name = poEvents.cpp; path = ../../../src/poScene/poEvents.cpp; sourceTree = "<group>"; };
		91E9A5DA8FCC4BFF81C87B7F /* poTextureFit.h */ = {isa = PBXFileReference; lastKnownFileType = sourcecode.c.h; name = poTextureFit.h; path = ../../../src/poScene/poTextureFit.h; sourceTree = "<group>"; };
		9484C1C0314F4F7CA6B652EC /* poImage.cpp */ = {isa = PBXFileReference; lastKnownFileType = sourcecode.c.cpp; name = poImage.cpp; path = ../../../src/poScene/poImage.cpp; sourceTree = "<group>"; };
		9F3E217516A5470788B8B85F /* AlignmentSample_Prefix.pch */ = {isa = PBXFileReference; lastKnownFileType = "\"\""; path = AlignmentSample_Prefix.pch; sourceTree = "<group>"; };
		A13EA9C7AB684D9B96BE2701 /* poShape.cpp */ = {isa = PBXFileReference; lastKnownFileType = sourcecode.c.cpp; name = poShape.cpp; path = ../../../src/poScene/poShape.cpp; sourceTree = "<group>"; };
		B1EB0256F6E84824B0057A7D /* poTextBox.h */ = {isa = PBXFileReference; lastKnownFileType = sourcecode.c.h; name = poTextBox.h; path = ../../../src/poScene/poTextBox.h; sourceTree = "<group>"; };
		B239FDD9CA784FFFB75A3743 /* poEventCenter.h */ = {isa = PBXFileReference; lastKnownFileType = sourcecode.c.h; name = poEventCenter.h; path = ../../../src/poScene/poEventCenter.h; sourceTree = "<group>"; };
		CC396B1818044782AE8BAEE6 /* AlignmentSampleApp.cpp */ = {isa = PBXFileReference; lastKnownFileType = sourcecode.c.cpp; name = AlignmentSampleApp.cpp; path = ../src/AlignmentSampleApp.cpp; sourceTree = "<group>"; };
		D12ACA8D748C498CAD540B80 /* AlignmentSample.h */ = {isa = PBXFileReference; lastKnownFileType = sourcecode.c.h; name = AlignmentSample.h; path = ../src/AlignmentSample.h; sourceTree = "<group>"; };
		D8DF77D6C4FB4A21A49C6BA8 /* poMatrixSet.h */ = {isa = PBXFileReference; lastKnownFileType = sourcecode.c.h; name = poMatrixSet.h; path = ../../../src/poScene/poMatrixSet.h; sourceTree = "<group>"; };
		E4F8A53AA3B5474AA1F63722 /* poNodeContainer.h */ = {isa = PBXFileReference; lastKnownFileType = sourcecode.c.h; name = poNodeContainer.h; path = ../../../src/poScene/poNodeContainer.h; sourceTree = "<group>"; };
		EA213F4DA9AD4609A5DA9268 /* poEvents.h */ = {isa = PBXFileReference; lastKnownFileType = sourcecode.c.h; name = poEvents.h; path = ../../../src/poScene/poEvents.h; sourceTree = "<group>"; };
		F4C9716DEB2C4737A0BDE11F /* poMatrixSet.cpp */ = {isa = PBXFileReference; lastKnownFileType = sourcecode.c.cpp; name = poMatrixSet.cpp; path = ../../../src/poScene/poMatrixSet.cpp; sourceTree = "<group>"; };
		FF8940F9FD5844EE81243D32 /* CinderApp.icns */ = {isa = PBXFileReference; lastKnownFileType = image.icns; name = CinderApp.icns; path = ../resources/CinderApp.icns; sourceTree = "<group>"; };
/* End PBXFileReference section */

/* Begin PBXFrameworksBuildPhase section */
		8D11072E0486CEB800E47090 /* Frameworks */ = {
			isa = PBXFrameworksBuildPhase;
			buildActionMask = 2147483647;
			files = (
				8D11072F0486CEB800E47090 /* Cocoa.framework in Frameworks */,
				0091D8F90E81B9330029341E /* OpenGL.framework in Frameworks */,
				5323E6B20EAFCA74003A9687 /* CoreVideo.framework in Frameworks */,
				5323E6B60EAFCA7E003A9687 /* QTKit.framework in Frameworks */,
				00B784B30FF439BC000DE1D7 /* Accelerate.framework in Frameworks */,
				00B784B40FF439BC000DE1D7 /* AudioToolbox.framework in Frameworks */,
				00B784B50FF439BC000DE1D7 /* AudioUnit.framework in Frameworks */,
				00B784B60FF439BC000DE1D7 /* CoreAudio.framework in Frameworks */,
			);
			runOnlyForDeploymentPostprocessing = 0;
		};
/* End PBXFrameworksBuildPhase section */

/* Begin PBXGroup section */
		01B97315FEAEA392516A2CEA /* Blocks */ = {
			isa = PBXGroup;
			children = (
				6171566BD57F4B239308AE69 /* poScene */,
			);
			name = Blocks;
			sourceTree = "<group>";
		};
		080E96DDFE201D6D7F000001 /* Source */ = {
			isa = PBXGroup;
			children = (
				CC396B1818044782AE8BAEE6 /* AlignmentSampleApp.cpp */,
				03769B4A9F63484088D37D07 /* AlignmentSample.cpp */,
			);
			name = Source;
			sourceTree = "<group>";
		};
		1058C7A0FEA54F0111CA2CBB /* Linked Frameworks */ = {
			isa = PBXGroup;
			children = (
				00B784AF0FF439BC000DE1D7 /* Accelerate.framework */,
				00B784B00FF439BC000DE1D7 /* AudioToolbox.framework */,
				00B784B10FF439BC000DE1D7 /* AudioUnit.framework */,
				00B784B20FF439BC000DE1D7 /* CoreAudio.framework */,
				5323E6B50EAFCA7E003A9687 /* QTKit.framework */,
				5323E6B10EAFCA74003A9687 /* CoreVideo.framework */,
				0091D8F80E81B9330029341E /* OpenGL.framework */,
				1058C7A1FEA54F0111CA2CBB /* Cocoa.framework */,
			);
			name = "Linked Frameworks";
			sourceTree = "<group>";
		};
		1058C7A2FEA54F0111CA2CBB /* Other Frameworks */ = {
			isa = PBXGroup;
			children = (
				29B97324FDCFA39411CA2CEA /* AppKit.framework */,
				29B97325FDCFA39411CA2CEA /* Foundation.framework */,
			);
			name = "Other Frameworks";
			sourceTree = "<group>";
		};
		19C28FACFE9D520D11CA2CBB /* Products */ = {
			isa = PBXGroup;
			children = (
				8D1107320486CEB800E47090 /* AlignmentSample.app */,
			);
			name = Products;
			sourceTree = "<group>";
		};
		29B97314FDCFA39411CA2CEA /* AlignmentSample */ = {
			isa = PBXGroup;
			children = (
				01B97315FEAEA392516A2CEA /* Blocks */,
				29B97315FDCFA39411CA2CEA /* Headers */,
				080E96DDFE201D6D7F000001 /* Source */,
				29B97317FDCFA39411CA2CEA /* Resources */,
				29B97323FDCFA39411CA2CEA /* Frameworks */,
				19C28FACFE9D520D11CA2CBB /* Products */,
			);
			name = AlignmentSample;
			sourceTree = "<group>";
		};
		29B97315FDCFA39411CA2CEA /* Headers */ = {
			isa = PBXGroup;
			children = (
				2B49A8B67DA74305B95CC0DD /* Resources.h */,
				9F3E217516A5470788B8B85F /* AlignmentSample_Prefix.pch */,
				D12ACA8D748C498CAD540B80 /* AlignmentSample.h */,
			);
			name = Headers;
			sourceTree = "<group>";
		};
		29B97317FDCFA39411CA2CEA /* Resources */ = {
			isa = PBXGroup;
			children = (
				FF8940F9FD5844EE81243D32 /* CinderApp.icns */,
				72ABBFCA642F49F0B71431DA /* Info.plist */,
			);
			name = Resources;
			sourceTree = "<group>";
		};
		29B97323FDCFA39411CA2CEA /* Frameworks */ = {
			isa = PBXGroup;
			children = (
				1058C7A0FEA54F0111CA2CBB /* Linked Frameworks */,
				1058C7A2FEA54F0111CA2CBB /* Other Frameworks */,
			);
			name = Frameworks;
			sourceTree = "<group>";
		};
		33CC67ACDB2E4AE2B3560B49 /* poScene */ = {
			isa = PBXGroup;
			children = (
				B239FDD9CA784FFFB75A3743 /* poEventCenter.h */,
				EA213F4DA9AD4609A5DA9268 /* poEvents.h */,
				02B73C41C9E840C4924E662F /* poImage.h */,
				D8DF77D6C4FB4A21A49C6BA8 /* poMatrixSet.h */,
				21A2930B8F6C4129B0B42378 /* poNode.h */,
				E4F8A53AA3B5474AA1F63722 /* poNodeContainer.h */,
				891533BFF0034234B90454D9 /* poScene.h */,
				4865672717D548DB90B73859 /* poShape.h */,
				B1EB0256F6E84824B0057A7D /* poTextBox.h */,
				91E9A5DA8FCC4BFF81C87B7F /* poTextureFit.h */,
				278844E5082D4CEBB3942367 /* poVideo.h */,
				4329DD210E14408AB904E4FB /* poEventCenter.cpp */,
				8D640B90191B4E96BC0D2128 /* poEvents.cpp */,
				9484C1C0314F4F7CA6B652EC /* poImage.cpp */,
				F4C9716DEB2C4737A0BDE11F /* poMatrixSet.cpp */,
				2674ABCE202345B1B2F0BD6B /* poNode.cpp */,
				6F3B18A2E1494E94931D0371 /* poNodeContainer.cpp */,
				108293AF3AEC4C18AF22FDD4 /* poScene.cpp */,
				A13EA9C7AB684D9B96BE2701 /* poShape.cpp */,
				1A8FC1E7103D48C880AF8618 /* poTextBox.cpp */,
			);
			name = poScene;
			sourceTree = "<group>";
		};
		6171566BD57F4B239308AE69 /* poScene */ = {
			isa = PBXGroup;
			children = (
				F1DFB20307B2452EBC305863 /* src */,
			);
			name = poScene;
			sourceTree = "<group>";
		};
		F1DFB20307B2452EBC305863 /* src */ = {
			isa = PBXGroup;
			children = (
				33CC67ACDB2E4AE2B3560B49 /* poScene */,
			);
			name = src;
			sourceTree = "<group>";
		};
/* End PBXGroup section */

/* Begin PBXNativeTarget section */
		8D1107260486CEB800E47090 /* AlignmentSample */ = {
			isa = PBXNativeTarget;
			buildConfigurationList = C01FCF4A08A954540054247B /* Build configuration list for PBXNativeTarget "AlignmentSample" */;
			buildPhases = (
				8D1107290486CEB800E47090 /* Resources */,
				8D11072C0486CEB800E47090 /* Sources */,
				8D11072E0486CEB800E47090 /* Frameworks */,
			);
			buildRules = (
			);
			dependencies = (
			);
			name = AlignmentSample;
			productInstallPath = "$(HOME)/Applications";
			productName = AlignmentSample;
			productReference = 8D1107320486CEB800E47090 /* AlignmentSample.app */;
			productType = "com.apple.product-type.application";
		};
/* End PBXNativeTarget section */

/* Begin PBXProject section */
		29B97313FDCFA39411CA2CEA /* Project object */ = {
			isa = PBXProject;
			attributes = {
			};
			buildConfigurationList = C01FCF4E08A954540054247B /* Build configuration list for PBXProject "AlignmentSample" */;
			compatibilityVersion = "Xcode 3.2";
			developmentRegion = English;
			hasScannedForEncodings = 1;
			knownRegions = (
				English,
				Japanese,
				French,
				German,
			);
			mainGroup = 29B97314FDCFA39411CA2CEA /* AlignmentSample */;
			projectDirPath = "";
			projectRoot = "";
			targets = (
				8D1107260486CEB800E47090 /* AlignmentSample */,
			);
		};
/* End PBXProject section */

/* Begin PBXResourcesBuildPhase section */
		8D1107290486CEB800E47090 /* Resources */ = {
			isa = PBXResourcesBuildPhase;
			buildActionMask = 2147483647;
			files = (
				A6F2390336134E8C83C62C6C /* CinderApp.icns in Resources */,
			);
			runOnlyForDeploymentPostprocessing = 0;
		};
/* End PBXResourcesBuildPhase section */

/* Begin PBXSourcesBuildPhase section */
		8D11072C0486CEB800E47090 /* Sources */ = {
			isa = PBXSourcesBuildPhase;
			buildActionMask = 2147483647;
			files = (
				5BFF037DF0FE419C9B484E50 /* AlignmentSampleApp.cpp in Sources */,
				66F2A199246F43239633DDEA /* AlignmentSample.cpp in Sources */,
				45F8B5E442C24829ABE1D5FC /* poEventCenter.cpp in Sources */,
				E19B3594B7D644FAA28C6392 /* poEvents.cpp in Sources */,
				9769BD3978F44EF6B7D85B4C /* poImage.cpp in Sources */,
				6B048B6E29B245E2B378925F /* poMatrixSet.cpp in Sources */,
				E2127502455741DD98A7FDE2 /* poNode.cpp in Sources */,
				A4478D102714405F8039518F /* poNodeContainer.cpp in Sources */,
				EFF86B6C465F46318B525324 /* poScene.cpp in Sources */,
				08FC3661DD584FD1B231FD99 /* poShape.cpp in Sources */,
				3BAB78580BC74ADE89A91239 /* poTextBox.cpp in Sources */,
			);
			runOnlyForDeploymentPostprocessing = 0;
		};
/* End PBXSourcesBuildPhase section */

/* Begin XCBuildConfiguration section */
		C01FCF4B08A954540054247B /* Debug */ = {
			isa = XCBuildConfiguration;
			buildSettings = {
				COMBINE_HIDPI_IMAGES = YES;
				COPY_PHASE_STRIP = NO;
				DEAD_CODE_STRIPPING = YES;
				GCC_DYNAMIC_NO_PIC = NO;
				GCC_INLINES_ARE_PRIVATE_EXTERN = YES;
				GCC_OPTIMIZATION_LEVEL = 0;
				GCC_PRECOMPILE_PREFIX_HEADER = YES;
				GCC_PREFIX_HEADER = AlignmentSample_Prefix.pch;
				GCC_PREPROCESSOR_DEFINITIONS = (
					"DEBUG=1",
					"$(inherited)",
				);
				GCC_SYMBOLS_PRIVATE_EXTERN = NO;
				INFOPLIST_FILE = Info.plist;
				INSTALL_PATH = "$(HOME)/Applications";
				OTHER_LDFLAGS = "\"$(CINDER_PATH)/lib/libcinder_d.a\"";
				PRODUCT_NAME = AlignmentSample;
				SYMROOT = ./build;
				WRAPPER_EXTENSION = app;
			};
			name = Debug;
		};
		C01FCF4C08A954540054247B /* Release */ = {
			isa = XCBuildConfiguration;
			buildSettings = {
				COMBINE_HIDPI_IMAGES = YES;
				DEAD_CODE_STRIPPING = YES;
				DEBUG_INFORMATION_FORMAT = "dwarf-with-dsym";
				GCC_FAST_MATH = YES;
				GCC_GENERATE_DEBUGGING_SYMBOLS = NO;
				GCC_INLINES_ARE_PRIVATE_EXTERN = YES;
				GCC_OPTIMIZATION_LEVEL = 3;
				GCC_PRECOMPILE_PREFIX_HEADER = YES;
				GCC_PREFIX_HEADER = AlignmentSample_Prefix.pch;
				GCC_PREPROCESSOR_DEFINITIONS = (
					"NDEBUG=1",
					"$(inherited)",
				);
				GCC_SYMBOLS_PRIVATE_EXTERN = NO;
				INFOPLIST_FILE = Info.plist;
				INSTALL_PATH = "$(HOME)/Applications";
				OTHER_LDFLAGS = "\"$(CINDER_PATH)/lib/libcinder.a\"";
				PRODUCT_NAME = AlignmentSample;
				STRIP_INSTALLED_PRODUCT = YES;
				SYMROOT = ./build;
				WRAPPER_EXTENSION = app;
			};
			name = Release;
		};
		C01FCF4F08A954540054247B /* Debug */ = {
			isa = XCBuildConfiguration;
			buildSettings = {
				ALWAYS_SEARCH_USER_PATHS = NO;
				ARCHS = i386;
				CINDER_PATH = ../../../../..;
				CLANG_CXX_LANGUAGE_STANDARD = "c++0x";
				CLANG_CXX_LIBRARY = "libc++";
				GCC_WARN_ABOUT_RETURN_TYPE = YES;
				GCC_WARN_UNUSED_VARIABLE = YES;
				HEADER_SEARCH_PATHS = "\"$(CINDER_PATH)/boost\"";
				MACOSX_DEPLOYMENT_TARGET = 10.7;
				SDKROOT = macosx;
				USER_HEADER_SEARCH_PATHS = "\"$(CINDER_PATH)/include\" ../include ../../../src/poScene";
			};
			name = Debug;
		};
		C01FCF5008A954540054247B /* Release */ = {
			isa = XCBuildConfiguration;
			buildSettings = {
				ALWAYS_SEARCH_USER_PATHS = NO;
				ARCHS = i386;
				CINDER_PATH = ../../../../..;
				CLANG_CXX_LANGUAGE_STANDARD = "c++0x";
				CLANG_CXX_LIBRARY = "libc++";
				GCC_WARN_ABOUT_RETURN_TYPE = YES;
				GCC_WARN_UNUSED_VARIABLE = YES;
				HEADER_SEARCH_PATHS = "\"$(CINDER_PATH)/boost\"";
				MACOSX_DEPLOYMENT_TARGET = 10.7;
				SDKROOT = macosx;
				USER_HEADER_SEARCH_PATHS = "\"$(CINDER_PATH)/include\" ../include ../../../src/poScene";
			};
			name = Release;
		};
/* End XCBuildConfiguration section */

/* Begin XCConfigurationList section */
		C01FCF4A08A954540054247B /* Build configuration list for PBXNativeTarget "AlignmentSample" */ = {
			isa = XCConfigurationList;
			buildConfigurations = (
				C01FCF4B08A954540054247B /* Debug */,
				C01FCF4C08A954540054247B /* Release */,
			);
			defaultConfigurationIsVisible = 0;
			defaultConfigurationName = Release;
		};
		C01FCF4E08A954540054247B /* Build configuration list for PBXProject "AlignmentSample" */ = {
			isa = XCConfigurationList;
			buildConfigurations = (
				C01FCF4F08A954540054247B /* Debug */,
				C01FCF5008A954540054247B /* Release */,
			);
			defaultConfigurationIsVisible = 0;
			defaultConfigurationName = Release;
		};
/* End XCConfigurationList section */
	};
	rootObject = 29B97313FDCFA39411CA2CEA /* Project object */;
}
