// !$*UTF8*$!
{
	archiveVersion = 1;
	classes = {
	};
	objectVersion = 46;
	objects = {

/* Begin PBXBuildFile section */
		0091D8F90E81B9330029341E /* OpenGL.framework in Frameworks */ = {isa = PBXBuildFile; fileRef = 0091D8F80E81B9330029341E /* OpenGL.framework */; };
		00B784B30FF439BC000DE1D7 /* Accelerate.framework in Frameworks */ = {isa = PBXBuildFile; fileRef = 00B784AF0FF439BC000DE1D7 /* Accelerate.framework */; };
		00B784B40FF439BC000DE1D7 /* AudioToolbox.framework in Frameworks */ = {isa = PBXBuildFile; fileRef = 00B784B00FF439BC000DE1D7 /* AudioToolbox.framework */; };
		00B784B50FF439BC000DE1D7 /* AudioUnit.framework in Frameworks */ = {isa = PBXBuildFile; fileRef = 00B784B10FF439BC000DE1D7 /* AudioUnit.framework */; };
		00B784B60FF439BC000DE1D7 /* CoreAudio.framework in Frameworks */ = {isa = PBXBuildFile; fileRef = 00B784B20FF439BC000DE1D7 /* CoreAudio.framework */; };
		10C5EC907AB84A719CCB49FD /* AlignmentSampleApp.cpp in Sources */ = {isa = PBXBuildFile; fileRef = 012DF69201AD4B098614153F /* AlignmentSampleApp.cpp */; };
		38DBC4BA1B2F744000F9FBDD /* Indicator.cpp in Sources */ = {isa = PBXBuildFile; fileRef = 38DBC4B81B2F744000F9FBDD /* Indicator.cpp */; };
		3CCF9F496F154C16BF7F5DB1 /* AlignmentSample.cpp in Sources */ = {isa = PBXBuildFile; fileRef = 9CBE8ED1CD004E5D9B9EE362 /* AlignmentSample.cpp */; };
		5323E6B20EAFCA74003A9687 /* CoreVideo.framework in Frameworks */ = {isa = PBXBuildFile; fileRef = 5323E6B10EAFCA74003A9687 /* CoreVideo.framework */; };
		5323E6B60EAFCA7E003A9687 /* QTKit.framework in Frameworks */ = {isa = PBXBuildFile; fileRef = 5323E6B50EAFCA7E003A9687 /* QTKit.framework */; };
		5748B1FBB9B64342BF93EC66 /* CinderApp.icns in Resources */ = {isa = PBXBuildFile; fileRef = 682AD628895C4438A5284CD7 /* CinderApp.icns */; };
		6153AFE7DF3E4F108B28E110 /* poMatrixSet.cpp in Sources */ = {isa = PBXBuildFile; fileRef = 336EA165E5664C25BC504D15 /* poMatrixSet.cpp */; };
		890A3C0EB9064146850568C8 /* poShape.cpp in Sources */ = {isa = PBXBuildFile; fileRef = BBFC7E4DF818453B8E9B0CDA /* poShape.cpp */; };
		8D11072F0486CEB800E47090 /* Cocoa.framework in Frameworks */ = {isa = PBXBuildFile; fileRef = 1058C7A1FEA54F0111CA2CBB /* Cocoa.framework */; };
		8D80C2D2C03E48A6BD28257B /* poImage.cpp in Sources */ = {isa = PBXBuildFile; fileRef = 1B7C8F3C125F48EBB4B7868A /* poImage.cpp */; };
		B1DB724875B14B7787F6D818 /* poNode.cpp in Sources */ = {isa = PBXBuildFile; fileRef = 41DC99EC9A1C4F9E86B4DD85 /* poNode.cpp */; };
		B366DF62229349C898E9B3C8 /* poNodeContainer.cpp in Sources */ = {isa = PBXBuildFile; fileRef = BDF4BB39DC064E818DC0BAA0 /* poNodeContainer.cpp */; };
		B7074D2E3729489CBA83C431 /* poTextBox.cpp in Sources */ = {isa = PBXBuildFile; fileRef = 03BE1820A4434055BBC90387 /* poTextBox.cpp */; };
		F2D7704EFDEB4E8D9A29AB20 /* poScene.cpp in Sources */ = {isa = PBXBuildFile; fileRef = 092B61CAF52B4AA2BB2FE613 /* poScene.cpp */; };
		F396F47C3E6E4D0BAB9DFFBA /* poEvents.cpp in Sources */ = {isa = PBXBuildFile; fileRef = 0EDB8831727A4BD4B2709925 /* poEvents.cpp */; };
		FF94E0AFE144408D87066036 /* poEventCenter.cpp in Sources */ = {isa = PBXBuildFile; fileRef = 02423E01AE3D4AB6AE843FD8 /* poEventCenter.cpp */; };
/* End PBXBuildFile section */

/* Begin PBXFileReference section */
		0091D8F80E81B9330029341E /* OpenGL.framework */ = {isa = PBXFileReference; lastKnownFileType = wrapper.framework; name = OpenGL.framework; path = /System/Library/Frameworks/OpenGL.framework; sourceTree = "<absolute>"; };
		00B784AF0FF439BC000DE1D7 /* Accelerate.framework */ = {isa = PBXFileReference; lastKnownFileType = wrapper.framework; name = Accelerate.framework; path = System/Library/Frameworks/Accelerate.framework; sourceTree = SDKROOT; };
		00B784B00FF439BC000DE1D7 /* AudioToolbox.framework */ = {isa = PBXFileReference; lastKnownFileType = wrapper.framework; name = AudioToolbox.framework; path = System/Library/Frameworks/AudioToolbox.framework; sourceTree = SDKROOT; };
		00B784B10FF439BC000DE1D7 /* AudioUnit.framework */ = {isa = PBXFileReference; lastKnownFileType = wrapper.framework; name = AudioUnit.framework; path = System/Library/Frameworks/AudioUnit.framework; sourceTree = SDKROOT; };
		00B784B20FF439BC000DE1D7 /* CoreAudio.framework */ = {isa = PBXFileReference; lastKnownFileType = wrapper.framework; name = CoreAudio.framework; path = System/Library/Frameworks/CoreAudio.framework; sourceTree = SDKROOT; };
		012DF69201AD4B098614153F /* AlignmentSampleApp.cpp */ = {isa = PBXFileReference; lastKnownFileType = sourcecode.c.cpp; name = AlignmentSampleApp.cpp; path = ../src/AlignmentSampleApp.cpp; sourceTree = "<group>"; };
		02423E01AE3D4AB6AE843FD8 /* poEventCenter.cpp */ = {isa = PBXFileReference; lastKnownFileType = sourcecode.c.cpp; name = poEventCenter.cpp; path = ../../../src/poScene/poEventCenter.cpp; sourceTree = "<group>"; };
		03BE1820A4434055BBC90387 /* poTextBox.cpp */ = {isa = PBXFileReference; lastKnownFileType = sourcecode.c.cpp; name = poTextBox.cpp; path = ../../../src/poScene/poTextBox.cpp; sourceTree = "<group>"; };
		0546E7E5ECEE499A85D24213 /* Info.plist */ = {isa = PBXFileReference; lastKnownFileType = text.plist.xml; path = Info.plist; sourceTree = "<group>"; };
		092B61CAF52B4AA2BB2FE613 /* poScene.cpp */ = {isa = PBXFileReference; lastKnownFileType = sourcecode.c.cpp; name = poScene.cpp; path = ../../../src/poScene/poScene.cpp; sourceTree = "<group>"; };
		0EDB8831727A4BD4B2709925 /* poEvents.cpp */ = {isa = PBXFileReference; lastKnownFileType = sourcecode.c.cpp; name = poEvents.cpp; path = ../../../src/poScene/poEvents.cpp; sourceTree = "<group>"; };
		1058C7A1FEA54F0111CA2CBB /* Cocoa.framework */ = {isa = PBXFileReference; lastKnownFileType = wrapper.framework; name = Cocoa.framework; path = /System/Library/Frameworks/Cocoa.framework; sourceTree = "<absolute>"; };
		1B7C8F3C125F48EBB4B7868A /* poImage.cpp */ = {isa = PBXFileReference; lastKnownFileType = sourcecode.c.cpp; name = poImage.cpp; path = ../../../src/poScene/poImage.cpp; sourceTree = "<group>"; };
		29B97324FDCFA39411CA2CEA /* AppKit.framework */ = {isa = PBXFileReference; lastKnownFileType = wrapper.framework; name = AppKit.framework; path = /System/Library/Frameworks/AppKit.framework; sourceTree = "<absolute>"; };
		29B97325FDCFA39411CA2CEA /* Foundation.framework */ = {isa = PBXFileReference; lastKnownFileType = wrapper.framework; name = Foundation.framework; path = /System/Library/Frameworks/Foundation.framework; sourceTree = "<absolute>"; };
		2CF474D2ABFB4D49B51CDC34 /* poTextBox.h */ = {isa = PBXFileReference; lastKnownFileType = sourcecode.c.h; name = poTextBox.h; path = ../../../src/poScene/poTextBox.h; sourceTree = "<group>"; };
		336EA165E5664C25BC504D15 /* poMatrixSet.cpp */ = {isa = PBXFileReference; lastKnownFileType = sourcecode.c.cpp; name = poMatrixSet.cpp; path = ../../../src/poScene/poMatrixSet.cpp; sourceTree = "<group>"; };
		36AB8E38A40646899363DA31 /* poNode.h */ = {isa = PBXFileReference; lastKnownFileType = sourcecode.c.h; name = poNode.h; path = ../../../src/poScene/poNode.h; sourceTree = "<group>"; };
		38DBC4B81B2F744000F9FBDD /* Indicator.cpp */ = {isa = PBXFileReference; fileEncoding = 4; lastKnownFileType = sourcecode.cpp.cpp; name = Indicator.cpp; path = ../src/Indicator.cpp; sourceTree = "<group>"; };
		38DBC4B91B2F744000F9FBDD /* Indicator.h */ = {isa = PBXFileReference; fileEncoding = 4; lastKnownFileType = sourcecode.c.h; name = Indicator.h; path = ../src/Indicator.h; sourceTree = "<group>"; };
		41DC99EC9A1C4F9E86B4DD85 /* poNode.cpp */ = {isa = PBXFileReference; lastKnownFileType = sourcecode.c.cpp; name = poNode.cpp; path = ../../../src/poScene/poNode.cpp; sourceTree = "<group>"; };
		4BD067C37DDA4DE9B61705B8 /* poVideo.h */ = {isa = PBXFileReference; lastKnownFileType = sourcecode.c.h; name = poVideo.h; path = ../../../src/poScene/poVideo.h; sourceTree = "<group>"; };
		5323E6B10EAFCA74003A9687 /* CoreVideo.framework */ = {isa = PBXFileReference; lastKnownFileType = wrapper.framework; name = CoreVideo.framework; path = /System/Library/Frameworks/CoreVideo.framework; sourceTree = "<absolute>"; };
		5323E6B50EAFCA7E003A9687 /* QTKit.framework */ = {isa = PBXFileReference; lastKnownFileType = wrapper.framework; name = QTKit.framework; path = /System/Library/Frameworks/QTKit.framework; sourceTree = "<absolute>"; };
		55F245CB65004AB9A9519EC4 /* poShape.h */ = {isa = PBXFileReference; lastKnownFileType = sourcecode.c.h; name = poShape.h; path = ../../../src/poScene/poShape.h; sourceTree = "<group>"; };
		5E71B7DFC0314DC78B391065 /* poEvents.h */ = {isa = PBXFileReference; lastKnownFileType = sourcecode.c.h; name = poEvents.h; path = ../../../src/poScene/poEvents.h; sourceTree = "<group>"; };
		65892767E1F74AFEBB9EB2DA /* poMatrixSet.h */ = {isa = PBXFileReference; lastKnownFileType = sourcecode.c.h; name = poMatrixSet.h; path = ../../../src/poScene/poMatrixSet.h; sourceTree = "<group>"; };
		682AD628895C4438A5284CD7 /* CinderApp.icns */ = {isa = PBXFileReference; lastKnownFileType = image.icns; name = CinderApp.icns; path = ../resources/CinderApp.icns; sourceTree = "<group>"; };
		721FEFC28A9748E0986F73D9 /* poImage.h */ = {isa = PBXFileReference; lastKnownFileType = sourcecode.c.h; name = poImage.h; path = ../../../src/poScene/poImage.h; sourceTree = "<group>"; };
		766CD669CF6B4AFF936873C9 /* AlignmentSample.h */ = {isa = PBXFileReference; lastKnownFileType = sourcecode.c.h; name = AlignmentSample.h; path = ../src/AlignmentSample.h; sourceTree = "<group>"; };
		8CE509B174EF46A39415F9B2 /* Resources.h */ = {isa = PBXFileReference; lastKnownFileType = sourcecode.c.h; name = Resources.h; path = ../include/Resources.h; sourceTree = "<group>"; };
		8D1107320486CEB800E47090 /* AlignmentSample.app */ = {isa = PBXFileReference; explicitFileType = wrapper.application; includeInIndex = 0; path = AlignmentSample.app; sourceTree = BUILT_PRODUCTS_DIR; };
		99A30CAE4B814609B2965D63 /* poNodeContainer.h */ = {isa = PBXFileReference; lastKnownFileType = sourcecode.c.h; name = poNodeContainer.h; path = ../../../src/poScene/poNodeContainer.h; sourceTree = "<group>"; };
		9CBE8ED1CD004E5D9B9EE362 /* AlignmentSample.cpp */ = {isa = PBXFileReference; lastKnownFileType = sourcecode.c.cpp; name = AlignmentSample.cpp; path = ../src/AlignmentSample.cpp; sourceTree = "<group>"; };
		9F9D3353878643E4A91B33CF /* poTextureFit.h */ = {isa = PBXFileReference; lastKnownFileType = sourcecode.c.h; name = poTextureFit.h; path = ../../../src/poScene/poTextureFit.h; sourceTree = "<group>"; };
		B20D995ED13C49BBB015E41A /* poEventCenter.h */ = {isa = PBXFileReference; lastKnownFileType = sourcecode.c.h; name = poEventCenter.h; path = ../../../src/poScene/poEventCenter.h; sourceTree = "<group>"; };
		BBFC7E4DF818453B8E9B0CDA /* poShape.cpp */ = {isa = PBXFileReference; lastKnownFileType = sourcecode.c.cpp; name = poShape.cpp; path = ../../../src/poScene/poShape.cpp; sourceTree = "<group>"; };
		BDF4BB39DC064E818DC0BAA0 /* poNodeContainer.cpp */ = {isa = PBXFileReference; lastKnownFileType = sourcecode.c.cpp; name = poNodeContainer.cpp; path = ../../../src/poScene/poNodeContainer.cpp; sourceTree = "<group>"; };
		DA187ACCE8D64E79B8509AE9 /* AlignmentSample_Prefix.pch */ = {isa = PBXFileReference; lastKnownFileType = "\"\""; path = AlignmentSample_Prefix.pch; sourceTree = "<group>"; };
		ED5E73B2BA8B4DDBB40BA6C7 /* poScene.h */ = {isa = PBXFileReference; lastKnownFileType = sourcecode.c.h; name = poScene.h; path = ../../../src/poScene/poScene.h; sourceTree = "<group>"; };
/* End PBXFileReference section */

/* Begin PBXFrameworksBuildPhase section */
		8D11072E0486CEB800E47090 /* Frameworks */ = {
			isa = PBXFrameworksBuildPhase;
			buildActionMask = 2147483647;
			files = (
				8D11072F0486CEB800E47090 /* Cocoa.framework in Frameworks */,
				0091D8F90E81B9330029341E /* OpenGL.framework in Frameworks */,
				5323E6B20EAFCA74003A9687 /* CoreVideo.framework in Frameworks */,
				5323E6B60EAFCA7E003A9687 /* QTKit.framework in Frameworks */,
				00B784B30FF439BC000DE1D7 /* Accelerate.framework in Frameworks */,
				00B784B40FF439BC000DE1D7 /* AudioToolbox.framework in Frameworks */,
				00B784B50FF439BC000DE1D7 /* AudioUnit.framework in Frameworks */,
				00B784B60FF439BC000DE1D7 /* CoreAudio.framework in Frameworks */,
			);
			runOnlyForDeploymentPostprocessing = 0;
		};
/* End PBXFrameworksBuildPhase section */

/* Begin PBXGroup section */
		01B97315FEAEA392516A2CEA /* Blocks */ = {
			isa = PBXGroup;
			children = (
				79E1A475A4F14C9E91BA93E4 /* poScene */,
			);
			name = Blocks;
			sourceTree = "<group>";
		};
		080E96DDFE201D6D7F000001 /* Source */ = {
			isa = PBXGroup;
			children = (
				012DF69201AD4B098614153F /* AlignmentSampleApp.cpp */,
				766CD669CF6B4AFF936873C9 /* AlignmentSample.h */,
				9CBE8ED1CD004E5D9B9EE362 /* AlignmentSample.cpp */,
				38DBC4B91B2F744000F9FBDD /* Indicator.h */,
				38DBC4B81B2F744000F9FBDD /* Indicator.cpp */,
			);
			name = Source;
			sourceTree = "<group>";
		};
		1058C7A0FEA54F0111CA2CBB /* Linked Frameworks */ = {
			isa = PBXGroup;
			children = (
				00B784AF0FF439BC000DE1D7 /* Accelerate.framework */,
				00B784B00FF439BC000DE1D7 /* AudioToolbox.framework */,
				00B784B10FF439BC000DE1D7 /* AudioUnit.framework */,
				00B784B20FF439BC000DE1D7 /* CoreAudio.framework */,
				5323E6B50EAFCA7E003A9687 /* QTKit.framework */,
				5323E6B10EAFCA74003A9687 /* CoreVideo.framework */,
				0091D8F80E81B9330029341E /* OpenGL.framework */,
				1058C7A1FEA54F0111CA2CBB /* Cocoa.framework */,
			);
			name = "Linked Frameworks";
			sourceTree = "<group>";
		};
		1058C7A2FEA54F0111CA2CBB /* Other Frameworks */ = {
			isa = PBXGroup;
			children = (
				29B97324FDCFA39411CA2CEA /* AppKit.framework */,
				29B97325FDCFA39411CA2CEA /* Foundation.framework */,
			);
			name = "Other Frameworks";
			sourceTree = "<group>";
		};
		19C28FACFE9D520D11CA2CBB /* Products */ = {
			isa = PBXGroup;
			children = (
				8D1107320486CEB800E47090 /* AlignmentSample.app */,
			);
			name = Products;
			sourceTree = "<group>";
		};
		286EAE1A7BF34CF38D372E9E /* src */ = {
			isa = PBXGroup;
			children = (
				C92A7316C6CA439C9C998697 /* poScene */,
			);
			name = src;
			sourceTree = "<group>";
		};
		29B97314FDCFA39411CA2CEA /* AlignmentSample */ = {
			isa = PBXGroup;
			children = (
				01B97315FEAEA392516A2CEA /* Blocks */,
				29B97315FDCFA39411CA2CEA /* Headers */,
				080E96DDFE201D6D7F000001 /* Source */,
				29B97317FDCFA39411CA2CEA /* Resources */,
				29B97323FDCFA39411CA2CEA /* Frameworks */,
				19C28FACFE9D520D11CA2CBB /* Products */,
			);
			name = AlignmentSample;
			sourceTree = "<group>";
		};
		29B97315FDCFA39411CA2CEA /* Headers */ = {
			isa = PBXGroup;
			children = (
				8CE509B174EF46A39415F9B2 /* Resources.h */,
				DA187ACCE8D64E79B8509AE9 /* AlignmentSample_Prefix.pch */,
			);
			name = Headers;
			sourceTree = "<group>";
		};
		29B97317FDCFA39411CA2CEA /* Resources */ = {
			isa = PBXGroup;
			children = (
				682AD628895C4438A5284CD7 /* CinderApp.icns */,
				0546E7E5ECEE499A85D24213 /* Info.plist */,
			);
			name = Resources;
			sourceTree = "<group>";
		};
		29B97323FDCFA39411CA2CEA /* Frameworks */ = {
			isa = PBXGroup;
			children = (
				1058C7A0FEA54F0111CA2CBB /* Linked Frameworks */,
				1058C7A2FEA54F0111CA2CBB /* Other Frameworks */,
			);
			name = Frameworks;
			sourceTree = "<group>";
		};
		79E1A475A4F14C9E91BA93E4 /* poScene */ = {
			isa = PBXGroup;
			children = (
				286EAE1A7BF34CF38D372E9E /* src */,
			);
			name = poScene;
			sourceTree = "<group>";
		};
		C92A7316C6CA439C9C998697 /* poScene */ = {
			isa = PBXGroup;
			children = (
				B20D995ED13C49BBB015E41A /* poEventCenter.h */,
				5E71B7DFC0314DC78B391065 /* poEvents.h */,
				721FEFC28A9748E0986F73D9 /* poImage.h */,
				65892767E1F74AFEBB9EB2DA /* poMatrixSet.h */,
				36AB8E38A40646899363DA31 /* poNode.h */,
				99A30CAE4B814609B2965D63 /* poNodeContainer.h */,
				ED5E73B2BA8B4DDBB40BA6C7 /* poScene.h */,
				55F245CB65004AB9A9519EC4 /* poShape.h */,
				2CF474D2ABFB4D49B51CDC34 /* poTextBox.h */,
				9F9D3353878643E4A91B33CF /* poTextureFit.h */,
				4BD067C37DDA4DE9B61705B8 /* poVideo.h */,
				02423E01AE3D4AB6AE843FD8 /* poEventCenter.cpp */,
				0EDB8831727A4BD4B2709925 /* poEvents.cpp */,
				1B7C8F3C125F48EBB4B7868A /* poImage.cpp */,
				336EA165E5664C25BC504D15 /* poMatrixSet.cpp */,
				41DC99EC9A1C4F9E86B4DD85 /* poNode.cpp */,
				BDF4BB39DC064E818DC0BAA0 /* poNodeContainer.cpp */,
				092B61CAF52B4AA2BB2FE613 /* poScene.cpp */,
				BBFC7E4DF818453B8E9B0CDA /* poShape.cpp */,
				03BE1820A4434055BBC90387 /* poTextBox.cpp */,
			);
			name = poScene;
			sourceTree = "<group>";
		};
/* End PBXGroup section */

/* Begin PBXNativeTarget section */
		8D1107260486CEB800E47090 /* AlignmentSample */ = {
			isa = PBXNativeTarget;
			buildConfigurationList = C01FCF4A08A954540054247B /* Build configuration list for PBXNativeTarget "AlignmentSample" */;
			buildPhases = (
				8D1107290486CEB800E47090 /* Resources */,
				8D11072C0486CEB800E47090 /* Sources */,
				8D11072E0486CEB800E47090 /* Frameworks */,
			);
			buildRules = (
			);
			dependencies = (
			);
			name = AlignmentSample;
			productInstallPath = "$(HOME)/Applications";
			productName = AlignmentSample;
			productReference = 8D1107320486CEB800E47090 /* AlignmentSample.app */;
			productType = "com.apple.product-type.application";
		};
/* End PBXNativeTarget section */

/* Begin PBXProject section */
		29B97313FDCFA39411CA2CEA /* Project object */ = {
			isa = PBXProject;
			attributes = {
			};
			buildConfigurationList = C01FCF4E08A954540054247B /* Build configuration list for PBXProject "AlignmentSample" */;
			compatibilityVersion = "Xcode 3.2";
			developmentRegion = English;
			hasScannedForEncodings = 1;
			knownRegions = (
				English,
				Japanese,
				French,
				German,
			);
			mainGroup = 29B97314FDCFA39411CA2CEA /* AlignmentSample */;
			projectDirPath = "";
			projectRoot = "";
			targets = (
				8D1107260486CEB800E47090 /* AlignmentSample */,
			);
		};
/* End PBXProject section */

/* Begin PBXResourcesBuildPhase section */
		8D1107290486CEB800E47090 /* Resources */ = {
			isa = PBXResourcesBuildPhase;
			buildActionMask = 2147483647;
			files = (
				5748B1FBB9B64342BF93EC66 /* CinderApp.icns in Resources */,
			);
			runOnlyForDeploymentPostprocessing = 0;
		};
/* End PBXResourcesBuildPhase section */

/* Begin PBXSourcesBuildPhase section */
		8D11072C0486CEB800E47090 /* Sources */ = {
			isa = PBXSourcesBuildPhase;
			buildActionMask = 2147483647;
			files = (
				10C5EC907AB84A719CCB49FD /* AlignmentSampleApp.cpp in Sources */,
				3CCF9F496F154C16BF7F5DB1 /* AlignmentSample.cpp in Sources */,
				FF94E0AFE144408D87066036 /* poEventCenter.cpp in Sources */,
				38DBC4BA1B2F744000F9FBDD /* Indicator.cpp in Sources */,
				F396F47C3E6E4D0BAB9DFFBA /* poEvents.cpp in Sources */,
				8D80C2D2C03E48A6BD28257B /* poImage.cpp in Sources */,
				6153AFE7DF3E4F108B28E110 /* poMatrixSet.cpp in Sources */,
				B1DB724875B14B7787F6D818 /* poNode.cpp in Sources */,
				B366DF62229349C898E9B3C8 /* poNodeContainer.cpp in Sources */,
				F2D7704EFDEB4E8D9A29AB20 /* poScene.cpp in Sources */,
				890A3C0EB9064146850568C8 /* poShape.cpp in Sources */,
				B7074D2E3729489CBA83C431 /* poTextBox.cpp in Sources */,
			);
			runOnlyForDeploymentPostprocessing = 0;
		};
/* End PBXSourcesBuildPhase section */

/* Begin XCBuildConfiguration section */
		C01FCF4B08A954540054247B /* Debug */ = {
			isa = XCBuildConfiguration;
			buildSettings = {
				COMBINE_HIDPI_IMAGES = YES;
				COPY_PHASE_STRIP = NO;
				DEAD_CODE_STRIPPING = YES;
				GCC_DYNAMIC_NO_PIC = NO;
				GCC_INLINES_ARE_PRIVATE_EXTERN = YES;
				GCC_OPTIMIZATION_LEVEL = 0;
				GCC_PRECOMPILE_PREFIX_HEADER = YES;
				GCC_PREFIX_HEADER = AlignmentSample_Prefix.pch;
				GCC_PREPROCESSOR_DEFINITIONS = (
					"DEBUG=1",
					"$(inherited)",
				);
				GCC_SYMBOLS_PRIVATE_EXTERN = NO;
				INFOPLIST_FILE = Info.plist;
				INSTALL_PATH = "$(HOME)/Applications";
				OTHER_LDFLAGS = "\"$(CINDER_PATH)/lib/libcinder_d.a\"";
				PRODUCT_NAME = AlignmentSample;
				SYMROOT = ./build;
				WRAPPER_EXTENSION = app;
			};
			name = Debug;
		};
		C01FCF4C08A954540054247B /* Release */ = {
			isa = XCBuildConfiguration;
			buildSettings = {
				COMBINE_HIDPI_IMAGES = YES;
				DEAD_CODE_STRIPPING = YES;
				DEBUG_INFORMATION_FORMAT = "dwarf-with-dsym";
				GCC_FAST_MATH = YES;
				GCC_GENERATE_DEBUGGING_SYMBOLS = NO;
				GCC_INLINES_ARE_PRIVATE_EXTERN = YES;
				GCC_OPTIMIZATION_LEVEL = 3;
				GCC_PRECOMPILE_PREFIX_HEADER = YES;
				GCC_PREFIX_HEADER = AlignmentSample_Prefix.pch;
				GCC_PREPROCESSOR_DEFINITIONS = (
					"NDEBUG=1",
					"$(inherited)",
				);
				GCC_SYMBOLS_PRIVATE_EXTERN = NO;
				INFOPLIST_FILE = Info.plist;
				INSTALL_PATH = "$(HOME)/Applications";
				OTHER_LDFLAGS = "\"$(CINDER_PATH)/lib/libcinder.a\"";
				PRODUCT_NAME = AlignmentSample;
				STRIP_INSTALLED_PRODUCT = YES;
				SYMROOT = ./build;
				WRAPPER_EXTENSION = app;
			};
			name = Release;
		};
		C01FCF4F08A954540054247B /* Debug */ = {
			isa = XCBuildConfiguration;
			buildSettings = {
				ALWAYS_SEARCH_USER_PATHS = NO;
				ARCHS = i386;
				CINDER_PATH = ../../../../..;
				CLANG_CXX_LANGUAGE_STANDARD = "c++0x";
				CLANG_CXX_LIBRARY = "libc++";
				GCC_WARN_ABOUT_RETURN_TYPE = YES;
				GCC_WARN_UNUSED_VARIABLE = YES;
				HEADER_SEARCH_PATHS = "\"$(CINDER_PATH)/boost\"";
				MACOSX_DEPLOYMENT_TARGET = 10.7;
				SDKROOT = macosx;
				USER_HEADER_SEARCH_PATHS = "\"$(CINDER_PATH)/include\" ../include ../../../src/poScene";
			};
			name = Debug;
		};
		C01FCF5008A954540054247B /* Release */ = {
			isa = XCBuildConfiguration;
			buildSettings = {
				ALWAYS_SEARCH_USER_PATHS = NO;
				ARCHS = i386;
				CINDER_PATH = ../../../../..;
				CLANG_CXX_LANGUAGE_STANDARD = "c++0x";
				CLANG_CXX_LIBRARY = "libc++";
				GCC_WARN_ABOUT_RETURN_TYPE = YES;
				GCC_WARN_UNUSED_VARIABLE = YES;
				HEADER_SEARCH_PATHS = "\"$(CINDER_PATH)/boost\"";
				MACOSX_DEPLOYMENT_TARGET = 10.7;
				SDKROOT = macosx;
				USER_HEADER_SEARCH_PATHS = "\"$(CINDER_PATH)/include\" ../include ../../../src/poScene";
			};
			name = Release;
		};
/* End XCBuildConfiguration section */

/* Begin XCConfigurationList section */
		C01FCF4A08A954540054247B /* Build configuration list for PBXNativeTarget "AlignmentSample" */ = {
			isa = XCConfigurationList;
			buildConfigurations = (
				C01FCF4B08A954540054247B /* Debug */,
				C01FCF4C08A954540054247B /* Release */,
			);
			defaultConfigurationIsVisible = 0;
			defaultConfigurationName = Release;
		};
		C01FCF4E08A954540054247B /* Build configuration list for PBXProject "AlignmentSample" */ = {
			isa = XCConfigurationList;
			buildConfigurations = (
				C01FCF4F08A954540054247B /* Debug */,
				C01FCF5008A954540054247B /* Release */,
			);
			defaultConfigurationIsVisible = 0;
			defaultConfigurationName = Release;
		};
/* End XCConfigurationList section */
	};
	rootObject = 29B97313FDCFA39411CA2CEA /* Project object */;
}
